// !$*UTF8*$!
{
	archiveVersion = 1;
	classes = {
	};
	objectVersion = 54;
	objects = {

/* Begin PBXBuildFile section */
		D008F291287193A0009FF9B5 /* TestCelFah.swift in Sources */ = {isa = PBXBuildFile; fileRef = D008F2612871939F009FF9B5 /* TestCelFah.swift */; };
		D008F293287193A0009FF9B5 /* TestGradient.swift in Sources */ = {isa = PBXBuildFile; fileRef = D008F2622871939F009FF9B5 /* TestGradient.swift */; };
		D008F295287193A0009FF9B5 /* TestViewListList.swift in Sources */ = {isa = PBXBuildFile; fileRef = D008F2632871939F009FF9B5 /* TestViewListList.swift */; };
		D008F299287193A0009FF9B5 /* TestAlgorithms.swift in Sources */ = {isa = PBXBuildFile; fileRef = D008F2652871939F009FF9B5 /* TestAlgorithms.swift */; };
		D008F29B287193A0009FF9B5 /* TestKingFisher.swift in Sources */ = {isa = PBXBuildFile; fileRef = D008F2662871939F009FF9B5 /* TestKingFisher.swift */; };
		D008F29D287193A0009FF9B5 /* TestGeometryReader.swift in Sources */ = {isa = PBXBuildFile; fileRef = D008F2672871939F009FF9B5 /* TestGeometryReader.swift */; };
		D008F29F287193A0009FF9B5 /* TestComparison.swift in Sources */ = {isa = PBXBuildFile; fileRef = D008F2682871939F009FF9B5 /* TestComparison.swift */; };
		D008F2A1287193A0009FF9B5 /* TestCheckpoint6.swift in Sources */ = {isa = PBXBuildFile; fileRef = D008F2692871939F009FF9B5 /* TestCheckpoint6.swift */; };
		D008F2A3287193A0009FF9B5 /* TestColor.swift in Sources */ = {isa = PBXBuildFile; fileRef = D008F26A2871939F009FF9B5 /* TestColor.swift */; };
		D008F2A7287193A0009FF9B5 /* TestAnimation2.swift in Sources */ = {isa = PBXBuildFile; fileRef = D008F26C2871939F009FF9B5 /* TestAnimation2.swift */; };
		D008F2A9287193A0009FF9B5 /* TestAlert.swift in Sources */ = {isa = PBXBuildFile; fileRef = D008F26D2871939F009FF9B5 /* TestAlert.swift */; };
		D008F2AB287193A0009FF9B5 /* TestTerminal.swift in Sources */ = {isa = PBXBuildFile; fileRef = D008F26E2871939F009FF9B5 /* TestTerminal.swift */; };
		D008F2AD287193A0009FF9B5 /* TestViewBuilder.swift in Sources */ = {isa = PBXBuildFile; fileRef = D008F26F2871939F009FF9B5 /* TestViewBuilder.swift */; };
		D008F2B1287193A0009FF9B5 /* TestModifiers.swift in Sources */ = {isa = PBXBuildFile; fileRef = D008F2712871939F009FF9B5 /* TestModifiers.swift */; };
		D008F2B3287193A0009FF9B5 /* TestViewModifier.swift in Sources */ = {isa = PBXBuildFile; fileRef = D008F2722871939F009FF9B5 /* TestViewModifier.swift */; };
		D008F2B5287193A0009FF9B5 /* TestTextField.swift in Sources */ = {isa = PBXBuildFile; fileRef = D008F2732871939F009FF9B5 /* TestTextField.swift */; };
		D008F2B7287193A0009FF9B5 /* TestCheckpoint7.swift in Sources */ = {isa = PBXBuildFile; fileRef = D008F2742871939F009FF9B5 /* TestCheckpoint7.swift */; };
		D008F2B9287193A0009FF9B5 /* TestTabView.swift in Sources */ = {isa = PBXBuildFile; fileRef = D008F275287193A0009FF9B5 /* TestTabView.swift */; };
		D008F2BB287193A0009FF9B5 /* TestForm.swift in Sources */ = {isa = PBXBuildFile; fileRef = D008F276287193A0009FF9B5 /* TestForm.swift */; };
		D008F2BD287193A0009FF9B5 /* TestSheet.swift in Sources */ = {isa = PBXBuildFile; fileRef = D008F277287193A0009FF9B5 /* TestSheet.swift */; };
		D008F2BF287193A0009FF9B5 /* TestNavigationView2.swift in Sources */ = {isa = PBXBuildFile; fileRef = D008F278287193A0009FF9B5 /* TestNavigationView2.swift */; };
		D008F2C1287193A0009FF9B5 /* TestStepper.swift in Sources */ = {isa = PBXBuildFile; fileRef = D008F279287193A0009FF9B5 /* TestStepper.swift */; };
		D008F2C5287193A0009FF9B5 /* TestModel1.swift in Sources */ = {isa = PBXBuildFile; fileRef = D008F27B287193A0009FF9B5 /* TestModel1.swift */; };
		D008F2C7287193A0009FF9B5 /* TestEmptyTest.swift in Sources */ = {isa = PBXBuildFile; fileRef = D008F27C287193A0009FF9B5 /* TestEmptyTest.swift */; };
		D008F2C9287193A0009FF9B5 /* TestJSON.swift in Sources */ = {isa = PBXBuildFile; fileRef = D008F27D287193A0009FF9B5 /* TestJSON.swift */; };
		D008F2CB287193A0009FF9B5 /* TestButtom.swift in Sources */ = {isa = PBXBuildFile; fileRef = D008F27E287193A0009FF9B5 /* TestButtom.swift */; };
		D008F2CD287193A0009FF9B5 /* TestList.swift in Sources */ = {isa = PBXBuildFile; fileRef = D008F27F287193A0009FF9B5 /* TestList.swift */; };
		D008F2CF287193A0009FF9B5 /* TestAnimation.swift in Sources */ = {isa = PBXBuildFile; fileRef = D008F280287193A0009FF9B5 /* TestAnimation.swift */; };
		D008F2D1287193A0009FF9B5 /* TestOnTapGesture.swift in Sources */ = {isa = PBXBuildFile; fileRef = D008F281287193A0009FF9B5 /* TestOnTapGesture.swift */; };
		D008F2D3287193A0009FF9B5 /* TestToggle.swift in Sources */ = {isa = PBXBuildFile; fileRef = D008F282287193A0009FF9B5 /* TestToggle.swift */; };
		D008F2D5287193A0009FF9B5 /* TestUserDefaults.swift in Sources */ = {isa = PBXBuildFile; fileRef = D008F283287193A0009FF9B5 /* TestUserDefaults.swift */; };
		D008F2D7287193A0009FF9B5 /* TestPriority.swift in Sources */ = {isa = PBXBuildFile; fileRef = D008F284287193A0009FF9B5 /* TestPriority.swift */; };
		D008F2D9287193A0009FF9B5 /* TestImage.swift in Sources */ = {isa = PBXBuildFile; fileRef = D008F285287193A0009FF9B5 /* TestImage.swift */; };
		D008F2DB287193A0009FF9B5 /* TestSlider.swift in Sources */ = {isa = PBXBuildFile; fileRef = D008F286287193A0009FF9B5 /* TestSlider.swift */; };
		D008F2DD287193A0009FF9B5 /* TestWrappedModel.swift in Sources */ = {isa = PBXBuildFile; fileRef = D008F287287193A0009FF9B5 /* TestWrappedModel.swift */; };
		D008F2DF287193A0009FF9B5 /* TestPicker.swift in Sources */ = {isa = PBXBuildFile; fileRef = D008F288287193A0009FF9B5 /* TestPicker.swift */; };
		D008F2E1287193A0009FF9B5 /* TestURLSession.swift in Sources */ = {isa = PBXBuildFile; fileRef = D008F289287193A0009FF9B5 /* TestURLSession.swift */; };
		D008F2E3287193A0009FF9B5 /* TestNavigationLink.swift in Sources */ = {isa = PBXBuildFile; fileRef = D008F28A287193A0009FF9B5 /* TestNavigationLink.swift */; };
		D008F2E5287193A0009FF9B5 /* TestNavigationViewModel.swift in Sources */ = {isa = PBXBuildFile; fileRef = D008F28B287193A0009FF9B5 /* TestNavigationViewModel.swift */; };
		D008F2E7287193A0009FF9B5 /* TestViewShapeList.swift in Sources */ = {isa = PBXBuildFile; fileRef = D008F28C287193A0009FF9B5 /* TestViewShapeList.swift */; };
		D008F2E9287193A0009FF9B5 /* TestNavigationView.swift in Sources */ = {isa = PBXBuildFile; fileRef = D008F28D287193A0009FF9B5 /* TestNavigationView.swift */; };
		D008F2EB287193A0009FF9B5 /* TestOpenSettings.swift in Sources */ = {isa = PBXBuildFile; fileRef = D008F28E287193A0009FF9B5 /* TestOpenSettings.swift */; };
		D008F2ED287193A0009FF9B5 /* TestVariadic.swift in Sources */ = {isa = PBXBuildFile; fileRef = D008F28F287193A0009FF9B5 /* TestVariadic.swift */; };
		D008F2EF287193A0009FF9B5 /* TestWrapped.swift in Sources */ = {isa = PBXBuildFile; fileRef = D008F290287193A0009FF9B5 /* TestWrapped.swift */; };
		D008F2F92871940C009FF9B5 /* Kingfisher in Frameworks */ = {isa = PBXBuildFile; productRef = D008F2F82871940C009FF9B5 /* Kingfisher */; };
		D008F3042871970F009FF9B5 /* MemorizeTests.swift in Sources */ = {isa = PBXBuildFile; fileRef = D008F3032871970F009FF9B5 /* MemorizeTests.swift */; };
		D0309BB32878419600B61BFB /* json1001.json in Resources */ = {isa = PBXBuildFile; fileRef = D0309BB22878419600B61BFB /* json1001.json */; };
		D03F5617287B54C600B64A44 /* TestProtocolInject.swift in Sources */ = {isa = PBXBuildFile; fileRef = D03F5616287B54C600B64A44 /* TestProtocolInject.swift */; };
		D03F5619287B56E900B64A44 /* TestNativeUrlImage.swift in Sources */ = {isa = PBXBuildFile; fileRef = D03F5618287B56E900B64A44 /* TestNativeUrlImage.swift */; };
		D06EBE022876F1100027729F /* TestTemp.swift in Sources */ = {isa = PBXBuildFile; fileRef = D06EBE012876F1100027729F /* TestTemp.swift */; };
		D06EBE042876F1490027729F /* TestViewList.swift in Sources */ = {isa = PBXBuildFile; fileRef = D06EBE032876F1490027729F /* TestViewList.swift */; };
		D0C6459A28720D1000DCE8CD /* TestAsyncImage.swift in Sources */ = {isa = PBXBuildFile; fileRef = D0C6459928720D1000DCE8CD /* TestAsyncImage.swift */; };
		D0C6459B28720D1000DCE8CD /* TestAsyncImage.swift in Sources */ = {isa = PBXBuildFile; fileRef = D0C6459928720D1000DCE8CD /* TestAsyncImage.swift */; };
		EC34825C28019FED000F1FF6 /* MemoryGame.swift in Sources */ = {isa = PBXBuildFile; fileRef = EC34825B28019FED000F1FF6 /* MemoryGame.swift */; };
		EC34826128020E12000F1FF6 /* EmojiMemoryGame.swift in Sources */ = {isa = PBXBuildFile; fileRef = EC34826028020E12000F1FF6 /* EmojiMemoryGame.swift */; };
		EC4776BA282EF22000E3AB4A /* Pie.swift in Sources */ = {isa = PBXBuildFile; fileRef = EC4776B9282EF22000E3AB4A /* Pie.swift */; };
		EC4776C22830CD0C00E3AB4A /* Cardify.swift in Sources */ = {isa = PBXBuildFile; fileRef = EC4776C12830CD0C00E3AB4A /* Cardify.swift */; };
		EC7B8DB627F38B1B00B76550 /* MemorizeApp.swift in Sources */ = {isa = PBXBuildFile; fileRef = EC7B8DB527F38B1B00B76550 /* MemorizeApp.swift */; };
		EC7B8DB827F38B1B00B76550 /* EmojiMemoryGameView.swift in Sources */ = {isa = PBXBuildFile; fileRef = EC7B8DB727F38B1B00B76550 /* EmojiMemoryGameView.swift */; };
		EC7B8DBA27F38B1C00B76550 /* Assets.xcassets in Resources */ = {isa = PBXBuildFile; fileRef = EC7B8DB927F38B1C00B76550 /* Assets.xcassets */; };
		EC7B8DBD27F38B1C00B76550 /* Preview Assets.xcassets in Resources */ = {isa = PBXBuildFile; fileRef = EC7B8DBC27F38B1C00B76550 /* Preview Assets.xcassets */; };
		ECE9E555282630370051BEF3 /* AspectVGrid.swift in Sources */ = {isa = PBXBuildFile; fileRef = ECE9E554282630370051BEF3 /* AspectVGrid.swift */; };
/* End PBXBuildFile section */

/* Begin PBXContainerItemProxy section */
		D008F3052871970F009FF9B5 /* PBXContainerItemProxy */ = {
			isa = PBXContainerItemProxy;
			containerPortal = EC7B8DAA27F38B1B00B76550 /* Project object */;
			proxyType = 1;
			remoteGlobalIDString = EC7B8DB127F38B1B00B76550;
			remoteInfo = Memorize;
		};
/* End PBXContainerItemProxy section */

/* Begin PBXFileReference section */
		D008F2612871939F009FF9B5 /* TestCelFah.swift */ = {isa = PBXFileReference; fileEncoding = 4; lastKnownFileType = sourcecode.swift; path = TestCelFah.swift; sourceTree = "<group>"; };
		D008F2622871939F009FF9B5 /* TestGradient.swift */ = {isa = PBXFileReference; fileEncoding = 4; lastKnownFileType = sourcecode.swift; path = TestGradient.swift; sourceTree = "<group>"; };
		D008F2632871939F009FF9B5 /* TestViewListList.swift */ = {isa = PBXFileReference; fileEncoding = 4; lastKnownFileType = sourcecode.swift; path = TestViewListList.swift; sourceTree = "<group>"; };
		D008F2652871939F009FF9B5 /* TestAlgorithms.swift */ = {isa = PBXFileReference; fileEncoding = 4; lastKnownFileType = sourcecode.swift; path = TestAlgorithms.swift; sourceTree = "<group>"; };
		D008F2662871939F009FF9B5 /* TestKingFisher.swift */ = {isa = PBXFileReference; fileEncoding = 4; lastKnownFileType = sourcecode.swift; path = TestKingFisher.swift; sourceTree = "<group>"; };
		D008F2672871939F009FF9B5 /* TestGeometryReader.swift */ = {isa = PBXFileReference; fileEncoding = 4; lastKnownFileType = sourcecode.swift; path = TestGeometryReader.swift; sourceTree = "<group>"; };
		D008F2682871939F009FF9B5 /* TestComparison.swift */ = {isa = PBXFileReference; fileEncoding = 4; lastKnownFileType = sourcecode.swift; path = TestComparison.swift; sourceTree = "<group>"; };
		D008F2692871939F009FF9B5 /* TestCheckpoint6.swift */ = {isa = PBXFileReference; fileEncoding = 4; lastKnownFileType = sourcecode.swift; path = TestCheckpoint6.swift; sourceTree = "<group>"; };
		D008F26A2871939F009FF9B5 /* TestColor.swift */ = {isa = PBXFileReference; fileEncoding = 4; lastKnownFileType = sourcecode.swift; path = TestColor.swift; sourceTree = "<group>"; };
		D008F26C2871939F009FF9B5 /* TestAnimation2.swift */ = {isa = PBXFileReference; fileEncoding = 4; lastKnownFileType = sourcecode.swift; path = TestAnimation2.swift; sourceTree = "<group>"; };
		D008F26D2871939F009FF9B5 /* TestAlert.swift */ = {isa = PBXFileReference; fileEncoding = 4; lastKnownFileType = sourcecode.swift; path = TestAlert.swift; sourceTree = "<group>"; };
		D008F26E2871939F009FF9B5 /* TestTerminal.swift */ = {isa = PBXFileReference; fileEncoding = 4; lastKnownFileType = sourcecode.swift; path = TestTerminal.swift; sourceTree = "<group>"; };
		D008F26F2871939F009FF9B5 /* TestViewBuilder.swift */ = {isa = PBXFileReference; fileEncoding = 4; lastKnownFileType = sourcecode.swift; path = TestViewBuilder.swift; sourceTree = "<group>"; };
		D008F2702871939F009FF9B5 /* TestViewList.swift */ = {isa = PBXFileReference; fileEncoding = 4; lastKnownFileType = sourcecode.swift; path = TestViewList.swift; sourceTree = "<group>"; };
		D008F2712871939F009FF9B5 /* TestModifiers.swift */ = {isa = PBXFileReference; fileEncoding = 4; lastKnownFileType = sourcecode.swift; path = TestModifiers.swift; sourceTree = "<group>"; };
		D008F2722871939F009FF9B5 /* TestViewModifier.swift */ = {isa = PBXFileReference; fileEncoding = 4; lastKnownFileType = sourcecode.swift; path = TestViewModifier.swift; sourceTree = "<group>"; };
		D008F2732871939F009FF9B5 /* TestTextField.swift */ = {isa = PBXFileReference; fileEncoding = 4; lastKnownFileType = sourcecode.swift; path = TestTextField.swift; sourceTree = "<group>"; };
		D008F2742871939F009FF9B5 /* TestCheckpoint7.swift */ = {isa = PBXFileReference; fileEncoding = 4; lastKnownFileType = sourcecode.swift; path = TestCheckpoint7.swift; sourceTree = "<group>"; };
		D008F275287193A0009FF9B5 /* TestTabView.swift */ = {isa = PBXFileReference; fileEncoding = 4; lastKnownFileType = sourcecode.swift; path = TestTabView.swift; sourceTree = "<group>"; };
		D008F276287193A0009FF9B5 /* TestForm.swift */ = {isa = PBXFileReference; fileEncoding = 4; lastKnownFileType = sourcecode.swift; path = TestForm.swift; sourceTree = "<group>"; };
		D008F277287193A0009FF9B5 /* TestSheet.swift */ = {isa = PBXFileReference; fileEncoding = 4; lastKnownFileType = sourcecode.swift; path = TestSheet.swift; sourceTree = "<group>"; };
		D008F278287193A0009FF9B5 /* TestNavigationView2.swift */ = {isa = PBXFileReference; fileEncoding = 4; lastKnownFileType = sourcecode.swift; path = TestNavigationView2.swift; sourceTree = "<group>"; };
		D008F279287193A0009FF9B5 /* TestStepper.swift */ = {isa = PBXFileReference; fileEncoding = 4; lastKnownFileType = sourcecode.swift; path = TestStepper.swift; sourceTree = "<group>"; };
		D008F27B287193A0009FF9B5 /* TestModel1.swift */ = {isa = PBXFileReference; fileEncoding = 4; lastKnownFileType = sourcecode.swift; path = TestModel1.swift; sourceTree = "<group>"; };
		D008F27C287193A0009FF9B5 /* TestEmptyTest.swift */ = {isa = PBXFileReference; fileEncoding = 4; lastKnownFileType = sourcecode.swift; path = TestEmptyTest.swift; sourceTree = "<group>"; };
		D008F27D287193A0009FF9B5 /* TestJSON.swift */ = {isa = PBXFileReference; fileEncoding = 4; lastKnownFileType = sourcecode.swift; path = TestJSON.swift; sourceTree = "<group>"; };
		D008F27E287193A0009FF9B5 /* TestButtom.swift */ = {isa = PBXFileReference; fileEncoding = 4; lastKnownFileType = sourcecode.swift; path = TestButtom.swift; sourceTree = "<group>"; };
		D008F27F287193A0009FF9B5 /* TestList.swift */ = {isa = PBXFileReference; fileEncoding = 4; lastKnownFileType = sourcecode.swift; path = TestList.swift; sourceTree = "<group>"; };
		D008F280287193A0009FF9B5 /* TestAnimation.swift */ = {isa = PBXFileReference; fileEncoding = 4; lastKnownFileType = sourcecode.swift; path = TestAnimation.swift; sourceTree = "<group>"; };
		D008F281287193A0009FF9B5 /* TestOnTapGesture.swift */ = {isa = PBXFileReference; fileEncoding = 4; lastKnownFileType = sourcecode.swift; path = TestOnTapGesture.swift; sourceTree = "<group>"; };
		D008F282287193A0009FF9B5 /* TestToggle.swift */ = {isa = PBXFileReference; fileEncoding = 4; lastKnownFileType = sourcecode.swift; path = TestToggle.swift; sourceTree = "<group>"; };
		D008F283287193A0009FF9B5 /* TestUserDefaults.swift */ = {isa = PBXFileReference; fileEncoding = 4; lastKnownFileType = sourcecode.swift; path = TestUserDefaults.swift; sourceTree = "<group>"; };
		D008F284287193A0009FF9B5 /* TestPriority.swift */ = {isa = PBXFileReference; fileEncoding = 4; lastKnownFileType = sourcecode.swift; path = TestPriority.swift; sourceTree = "<group>"; };
		D008F285287193A0009FF9B5 /* TestImage.swift */ = {isa = PBXFileReference; fileEncoding = 4; lastKnownFileType = sourcecode.swift; path = TestImage.swift; sourceTree = "<group>"; };
		D008F286287193A0009FF9B5 /* TestSlider.swift */ = {isa = PBXFileReference; fileEncoding = 4; lastKnownFileType = sourcecode.swift; path = TestSlider.swift; sourceTree = "<group>"; };
		D008F287287193A0009FF9B5 /* TestWrappedModel.swift */ = {isa = PBXFileReference; fileEncoding = 4; lastKnownFileType = sourcecode.swift; path = TestWrappedModel.swift; sourceTree = "<group>"; };
		D008F288287193A0009FF9B5 /* TestPicker.swift */ = {isa = PBXFileReference; fileEncoding = 4; lastKnownFileType = sourcecode.swift; path = TestPicker.swift; sourceTree = "<group>"; };
		D008F289287193A0009FF9B5 /* TestURLSession.swift */ = {isa = PBXFileReference; fileEncoding = 4; lastKnownFileType = sourcecode.swift; path = TestURLSession.swift; sourceTree = "<group>"; };
		D008F28A287193A0009FF9B5 /* TestNavigationLink.swift */ = {isa = PBXFileReference; fileEncoding = 4; lastKnownFileType = sourcecode.swift; path = TestNavigationLink.swift; sourceTree = "<group>"; };
		D008F28B287193A0009FF9B5 /* TestNavigationViewModel.swift */ = {isa = PBXFileReference; fileEncoding = 4; lastKnownFileType = sourcecode.swift; path = TestNavigationViewModel.swift; sourceTree = "<group>"; };
		D008F28C287193A0009FF9B5 /* TestViewShapeList.swift */ = {isa = PBXFileReference; fileEncoding = 4; lastKnownFileType = sourcecode.swift; path = TestViewShapeList.swift; sourceTree = "<group>"; };
		D008F28D287193A0009FF9B5 /* TestNavigationView.swift */ = {isa = PBXFileReference; fileEncoding = 4; lastKnownFileType = sourcecode.swift; path = TestNavigationView.swift; sourceTree = "<group>"; };
		D008F28E287193A0009FF9B5 /* TestOpenSettings.swift */ = {isa = PBXFileReference; fileEncoding = 4; lastKnownFileType = sourcecode.swift; path = TestOpenSettings.swift; sourceTree = "<group>"; };
		D008F28F287193A0009FF9B5 /* TestVariadic.swift */ = {isa = PBXFileReference; fileEncoding = 4; lastKnownFileType = sourcecode.swift; path = TestVariadic.swift; sourceTree = "<group>"; };
		D008F290287193A0009FF9B5 /* TestWrapped.swift */ = {isa = PBXFileReference; fileEncoding = 4; lastKnownFileType = sourcecode.swift; path = TestWrapped.swift; sourceTree = "<group>"; };
		D008F3012871970F009FF9B5 /* MemorizeTests.xctest */ = {isa = PBXFileReference; explicitFileType = wrapper.cfbundle; includeInIndex = 0; path = MemorizeTests.xctest; sourceTree = BUILT_PRODUCTS_DIR; };
		D008F3032871970F009FF9B5 /* MemorizeTests.swift */ = {isa = PBXFileReference; lastKnownFileType = sourcecode.swift; path = MemorizeTests.swift; sourceTree = "<group>"; };
		D0309BB22878419600B61BFB /* json1001.json */ = {isa = PBXFileReference; fileEncoding = 4; lastKnownFileType = text.json; path = json1001.json; sourceTree = "<group>"; };
		D03F5616287B54C600B64A44 /* TestProtocolInject.swift */ = {isa = PBXFileReference; lastKnownFileType = sourcecode.swift; path = TestProtocolInject.swift; sourceTree = "<group>"; };
		D03F5618287B56E900B64A44 /* TestNativeUrlImage.swift */ = {isa = PBXFileReference; lastKnownFileType = sourcecode.swift; path = TestNativeUrlImage.swift; sourceTree = "<group>"; };
		D06EBE012876F1100027729F /* TestTemp.swift */ = {isa = PBXFileReference; fileEncoding = 4; lastKnownFileType = sourcecode.swift; path = TestTemp.swift; sourceTree = "<group>"; };
		D06EBE032876F1490027729F /* TestViewList.swift */ = {isa = PBXFileReference; fileEncoding = 4; lastKnownFileType = sourcecode.swift; path = TestViewList.swift; sourceTree = "<group>"; };
		D08298D4287477B300391F71 /* MemorizeTests-Bridging-Header.h */ = {isa = PBXFileReference; fileEncoding = 4; lastKnownFileType = sourcecode.c.h; path = "MemorizeTests-Bridging-Header.h"; sourceTree = "<group>"; };
		D0C645982871EEB400DCE8CD /* MyPlayground.playground */ = {isa = PBXFileReference; lastKnownFileType = file.playground; path = MyPlayground.playground; sourceTree = "<group>"; xcLanguageSpecificationIdentifier = xcode.lang.swift; };
		D0C6459928720D1000DCE8CD /* TestAsyncImage.swift */ = {isa = PBXFileReference; lastKnownFileType = sourcecode.swift; path = TestAsyncImage.swift; sourceTree = "<group>"; };
		EC34825B28019FED000F1FF6 /* MemoryGame.swift */ = {isa = PBXFileReference; lastKnownFileType = sourcecode.swift; path = MemoryGame.swift; sourceTree = SOURCE_ROOT; };
		EC34826028020E12000F1FF6 /* EmojiMemoryGame.swift */ = {isa = PBXFileReference; lastKnownFileType = sourcecode.swift; path = EmojiMemoryGame.swift; sourceTree = "<group>"; };
		EC4776B9282EF22000E3AB4A /* Pie.swift */ = {isa = PBXFileReference; lastKnownFileType = sourcecode.swift; path = Pie.swift; sourceTree = "<group>"; };
		EC4776C12830CD0C00E3AB4A /* Cardify.swift */ = {isa = PBXFileReference; lastKnownFileType = sourcecode.swift; path = Cardify.swift; sourceTree = "<group>"; };
		EC7B8DB227F38B1B00B76550 /* Memorize.app */ = {isa = PBXFileReference; explicitFileType = wrapper.application; includeInIndex = 0; path = Memorize.app; sourceTree = BUILT_PRODUCTS_DIR; };
		EC7B8DB527F38B1B00B76550 /* MemorizeApp.swift */ = {isa = PBXFileReference; lastKnownFileType = sourcecode.swift; path = MemorizeApp.swift; sourceTree = "<group>"; };
		EC7B8DB727F38B1B00B76550 /* EmojiMemoryGameView.swift */ = {isa = PBXFileReference; lastKnownFileType = sourcecode.swift; path = EmojiMemoryGameView.swift; sourceTree = "<group>"; };
		EC7B8DB927F38B1C00B76550 /* Assets.xcassets */ = {isa = PBXFileReference; lastKnownFileType = folder.assetcatalog; path = Assets.xcassets; sourceTree = "<group>"; };
		EC7B8DBC27F38B1C00B76550 /* Preview Assets.xcassets */ = {isa = PBXFileReference; lastKnownFileType = folder.assetcatalog; path = "Preview Assets.xcassets"; sourceTree = "<group>"; };
		ECE9E554282630370051BEF3 /* AspectVGrid.swift */ = {isa = PBXFileReference; lastKnownFileType = sourcecode.swift; path = AspectVGrid.swift; sourceTree = "<group>"; };
/* End PBXFileReference section */

/* Begin PBXFrameworksBuildPhase section */
		D008F2FE2871970F009FF9B5 /* Frameworks */ = {
			isa = PBXFrameworksBuildPhase;
			buildActionMask = 2147483647;
			files = (
			);
			runOnlyForDeploymentPostprocessing = 0;
		};
		EC7B8DAF27F38B1B00B76550 /* Frameworks */ = {
			isa = PBXFrameworksBuildPhase;
			buildActionMask = 2147483647;
			files = (
				D008F2F92871940C009FF9B5 /* Kingfisher in Frameworks */,
			);
			runOnlyForDeploymentPostprocessing = 0;
		};
/* End PBXFrameworksBuildPhase section */

/* Begin PBXGroup section */
		D008F2592871931C009FF9B5 /* Learning */ = {
			isa = PBXGroup;
			children = (
				D0309BB22878419600B61BFB /* json1001.json */,
				D06EBE012876F1100027729F /* TestTemp.swift */,
				D08298D4287477B300391F71 /* MemorizeTests-Bridging-Header.h */,
				D008F26D2871939F009FF9B5 /* TestAlert.swift */,
				D008F2652871939F009FF9B5 /* TestAlgorithms.swift */,
				D008F280287193A0009FF9B5 /* TestAnimation.swift */,
				D008F26C2871939F009FF9B5 /* TestAnimation2.swift */,
				D008F27E287193A0009FF9B5 /* TestButtom.swift */,
				D008F2612871939F009FF9B5 /* TestCelFah.swift */,
				D008F2692871939F009FF9B5 /* TestCheckpoint6.swift */,
				D008F2742871939F009FF9B5 /* TestCheckpoint7.swift */,
				D008F26A2871939F009FF9B5 /* TestColor.swift */,
				D008F2682871939F009FF9B5 /* TestComparison.swift */,
				D008F27C287193A0009FF9B5 /* TestEmptyTest.swift */,
				D008F276287193A0009FF9B5 /* TestForm.swift */,
				D008F2672871939F009FF9B5 /* TestGeometryReader.swift */,
				D008F2622871939F009FF9B5 /* TestGradient.swift */,
				D008F285287193A0009FF9B5 /* TestImage.swift */,
				D008F27D287193A0009FF9B5 /* TestJSON.swift */,
				D008F2662871939F009FF9B5 /* TestKingFisher.swift */,
				D008F27F287193A0009FF9B5 /* TestList.swift */,
				D008F27B287193A0009FF9B5 /* TestModel1.swift */,
				D008F2712871939F009FF9B5 /* TestModifiers.swift */,
				D008F28A287193A0009FF9B5 /* TestNavigationLink.swift */,
				D008F28D287193A0009FF9B5 /* TestNavigationView.swift */,
				D03F5618287B56E900B64A44 /* TestNativeUrlImage.swift */,
				D008F278287193A0009FF9B5 /* TestNavigationView2.swift */,
				D008F28B287193A0009FF9B5 /* TestNavigationViewModel.swift */,
				D008F281287193A0009FF9B5 /* TestOnTapGesture.swift */,
				D008F28E287193A0009FF9B5 /* TestOpenSettings.swift */,
				D008F288287193A0009FF9B5 /* TestPicker.swift */,
				D06EBE032876F1490027729F /* TestViewList.swift */,
				D008F284287193A0009FF9B5 /* TestPriority.swift */,
				D008F277287193A0009FF9B5 /* TestSheet.swift */,
				D008F286287193A0009FF9B5 /* TestSlider.swift */,
				D008F279287193A0009FF9B5 /* TestStepper.swift */,
				D008F275287193A0009FF9B5 /* TestTabView.swift */,
				D008F26E2871939F009FF9B5 /* TestTerminal.swift */,
				D008F2732871939F009FF9B5 /* TestTextField.swift */,
				D008F282287193A0009FF9B5 /* TestToggle.swift */,
				D008F289287193A0009FF9B5 /* TestURLSession.swift */,
				D008F283287193A0009FF9B5 /* TestUserDefaults.swift */,
				D008F28F287193A0009FF9B5 /* TestVariadic.swift */,
				D008F26F2871939F009FF9B5 /* TestViewBuilder.swift */,
				D008F2702871939F009FF9B5 /* TestViewList.swift */,
				D008F2632871939F009FF9B5 /* TestViewListList.swift */,
				D008F2722871939F009FF9B5 /* TestViewModifier.swift */,
				D008F28C287193A0009FF9B5 /* TestViewShapeList.swift */,
				D008F290287193A0009FF9B5 /* TestWrapped.swift */,
				D008F287287193A0009FF9B5 /* TestWrappedModel.swift */,
				D0C6459928720D1000DCE8CD /* TestAsyncImage.swift */,
				D03F5616287B54C600B64A44 /* TestProtocolInject.swift */,
			);
			name = Learning;
			path = Memorize/Learning;
			sourceTree = "<group>";
		};
		D008F3022871970F009FF9B5 /* MemorizeTests */ = {
			isa = PBXGroup;
			children = (
				D008F3032871970F009FF9B5 /* MemorizeTests.swift */,
			);
			path = MemorizeTests;
			sourceTree = "<group>";
		};
		EC7B8DA927F38B1B00B76550 = {
			isa = PBXGroup;
			children = (
				D0C645982871EEB400DCE8CD /* MyPlayground.playground */,
				EC7B8DB427F38B1B00B76550 /* Memorize */,
				D008F2592871931C009FF9B5 /* Learning */,
				D008F3022871970F009FF9B5 /* MemorizeTests */,
				EC7B8DB327F38B1B00B76550 /* Products */,
			);
			sourceTree = "<group>";
		};
		EC7B8DB327F38B1B00B76550 /* Products */ = {
			isa = PBXGroup;
			children = (
				EC7B8DB227F38B1B00B76550 /* Memorize.app */,
				D008F3012871970F009FF9B5 /* MemorizeTests.xctest */,
			);
			name = Products;
			sourceTree = "<group>";
		};
		EC7B8DB427F38B1B00B76550 /* Memorize */ = {
			isa = PBXGroup;
			children = (
				EC7B8DB527F38B1B00B76550 /* MemorizeApp.swift */,
				EC7B8DB727F38B1B00B76550 /* EmojiMemoryGameView.swift */,
				ECE9E554282630370051BEF3 /* AspectVGrid.swift */,
				EC34825B28019FED000F1FF6 /* MemoryGame.swift */,
				EC4776C12830CD0C00E3AB4A /* Cardify.swift */,
				EC34826028020E12000F1FF6 /* EmojiMemoryGame.swift */,
				EC4776B9282EF22000E3AB4A /* Pie.swift */,
				EC7B8DB927F38B1C00B76550 /* Assets.xcassets */,
				EC7B8DBB27F38B1C00B76550 /* Preview Content */,
			);
			path = Memorize;
			sourceTree = "<group>";
		};
		EC7B8DBB27F38B1C00B76550 /* Preview Content */ = {
			isa = PBXGroup;
			children = (
				EC7B8DBC27F38B1C00B76550 /* Preview Assets.xcassets */,
			);
			path = "Preview Content";
			sourceTree = "<group>";
		};
/* End PBXGroup section */

/* Begin PBXNativeTarget section */
		D008F3002871970F009FF9B5 /* MemorizeTests */ = {
			isa = PBXNativeTarget;
			buildConfigurationList = D008F3072871970F009FF9B5 /* Build configuration list for PBXNativeTarget "MemorizeTests" */;
			buildPhases = (
				D008F2FD2871970F009FF9B5 /* Sources */,
				D008F2FE2871970F009FF9B5 /* Frameworks */,
				D008F2FF2871970F009FF9B5 /* Resources */,
			);
			buildRules = (
			);
			dependencies = (
				D008F3062871970F009FF9B5 /* PBXTargetDependency */,
			);
			name = MemorizeTests;
			productName = MemorizeTests;
			productReference = D008F3012871970F009FF9B5 /* MemorizeTests.xctest */;
			productType = "com.apple.product-type.bundle.unit-test";
		};
		EC7B8DB127F38B1B00B76550 /* Memorize */ = {
			isa = PBXNativeTarget;
			buildConfigurationList = EC7B8DC027F38B1C00B76550 /* Build configuration list for PBXNativeTarget "Memorize" */;
			buildPhases = (
				EC7B8DAE27F38B1B00B76550 /* Sources */,
				EC7B8DAF27F38B1B00B76550 /* Frameworks */,
				EC7B8DB027F38B1B00B76550 /* Resources */,
			);
			buildRules = (
			);
			dependencies = (
			);
			name = Memorize;
			packageProductDependencies = (
				D008F2F82871940C009FF9B5 /* Kingfisher */,
			);
			productName = Memorize;
			productReference = EC7B8DB227F38B1B00B76550 /* Memorize.app */;
			productType = "com.apple.product-type.application";
		};
/* End PBXNativeTarget section */

/* Begin PBXProject section */
		EC7B8DAA27F38B1B00B76550 /* Project object */ = {
			isa = PBXProject;
			attributes = {
				BuildIndependentTargetsInParallel = 1;
				LastSwiftUpdateCheck = 1340;
				LastUpgradeCheck = 1340;
				TargetAttributes = {
					D008F3002871970F009FF9B5 = {
						CreatedOnToolsVersion = 13.4.1;
						TestTargetID = EC7B8DB127F38B1B00B76550;
					};
					EC7B8DB127F38B1B00B76550 = {
						CreatedOnToolsVersion = 13.2.1;
					};
				};
			};
			buildConfigurationList = EC7B8DAD27F38B1B00B76550 /* Build configuration list for PBXProject "Memorize" */;
			compatibilityVersion = "Xcode 12.0";
			developmentRegion = en;
			hasScannedForEncodings = 0;
			knownRegions = (
				en,
				Base,
			);
			mainGroup = EC7B8DA927F38B1B00B76550;
			packageReferences = (
				D008F2F72871940C009FF9B5 /* XCRemoteSwiftPackageReference "Kingfisher" */,
			);
			productRefGroup = EC7B8DB327F38B1B00B76550 /* Products */;
			projectDirPath = "";
			projectRoot = "";
			targets = (
				EC7B8DB127F38B1B00B76550 /* Memorize */,
				D008F3002871970F009FF9B5 /* MemorizeTests */,
			);
		};
/* End PBXProject section */

/* Begin PBXResourcesBuildPhase section */
		D008F2FF2871970F009FF9B5 /* Resources */ = {
			isa = PBXResourcesBuildPhase;
			buildActionMask = 2147483647;
			files = (
			);
			runOnlyForDeploymentPostprocessing = 0;
		};
		EC7B8DB027F38B1B00B76550 /* Resources */ = {
			isa = PBXResourcesBuildPhase;
			buildActionMask = 2147483647;
			files = (
				EC7B8DBD27F38B1C00B76550 /* Preview Assets.xcassets in Resources */,
				EC7B8DBA27F38B1C00B76550 /* Assets.xcassets in Resources */,
				D0309BB32878419600B61BFB /* json1001.json in Resources */,
			);
			runOnlyForDeploymentPostprocessing = 0;
		};
/* End PBXResourcesBuildPhase section */

/* Begin PBXSourcesBuildPhase section */
		D008F2FD2871970F009FF9B5 /* Sources */ = {
			isa = PBXSourcesBuildPhase;
			buildActionMask = 2147483647;
			files = (
				D0C6459B28720D1000DCE8CD /* TestAsyncImage.swift in Sources */,
				D008F3042871970F009FF9B5 /* MemorizeTests.swift in Sources */,
			);
			runOnlyForDeploymentPostprocessing = 0;
		};
		EC7B8DAE27F38B1B00B76550 /* Sources */ = {
			isa = PBXSourcesBuildPhase;
			buildActionMask = 2147483647;
			files = (
				D008F29D287193A0009FF9B5 /* TestGeometryReader.swift in Sources */,
				D008F2A7287193A0009FF9B5 /* TestAnimation2.swift in Sources */,
				D008F2A9287193A0009FF9B5 /* TestAlert.swift in Sources */,
				D008F2C9287193A0009FF9B5 /* TestJSON.swift in Sources */,
				D008F2E9287193A0009FF9B5 /* TestNavigationView.swift in Sources */,
				D008F299287193A0009FF9B5 /* TestAlgorithms.swift in Sources */,
				D008F2D1287193A0009FF9B5 /* TestOnTapGesture.swift in Sources */,
				D008F295287193A0009FF9B5 /* TestViewListList.swift in Sources */,
				EC34825C28019FED000F1FF6 /* MemoryGame.swift in Sources */,
				D008F2B1287193A0009FF9B5 /* TestModifiers.swift in Sources */,
				D008F2DD287193A0009FF9B5 /* TestWrappedModel.swift in Sources */,
				D008F2A3287193A0009FF9B5 /* TestColor.swift in Sources */,
				D008F2AD287193A0009FF9B5 /* TestViewBuilder.swift in Sources */,
				D008F2B5287193A0009FF9B5 /* TestTextField.swift in Sources */,
				D008F2CB287193A0009FF9B5 /* TestButtom.swift in Sources */,
				D008F2B7287193A0009FF9B5 /* TestCheckpoint7.swift in Sources */,
				D008F2A1287193A0009FF9B5 /* TestCheckpoint6.swift in Sources */,
				D008F2D3287193A0009FF9B5 /* TestToggle.swift in Sources */,
				D008F2EB287193A0009FF9B5 /* TestOpenSettings.swift in Sources */,
				D008F2E3287193A0009FF9B5 /* TestNavigationLink.swift in Sources */,
				EC7B8DB827F38B1B00B76550 /* EmojiMemoryGameView.swift in Sources */,
				D008F2EF287193A0009FF9B5 /* TestWrapped.swift in Sources */,
				D0C6459A28720D1000DCE8CD /* TestAsyncImage.swift in Sources */,
				D06EBE022876F1100027729F /* TestTemp.swift in Sources */,
				EC4776BA282EF22000E3AB4A /* Pie.swift in Sources */,
				D008F2E7287193A0009FF9B5 /* TestViewShapeList.swift in Sources */,
				D03F5617287B54C600B64A44 /* TestProtocolInject.swift in Sources */,
				EC7B8DB627F38B1B00B76550 /* MemorizeApp.swift in Sources */,
				D008F2E1287193A0009FF9B5 /* TestURLSession.swift in Sources */,
				D06EBE042876F1490027729F /* TestViewList.swift in Sources */,
				D008F29B287193A0009FF9B5 /* TestKingFisher.swift in Sources */,
				D008F2BF287193A0009FF9B5 /* TestNavigationView2.swift in Sources */,
				D008F2C5287193A0009FF9B5 /* TestModel1.swift in Sources */,
				D008F2DF287193A0009FF9B5 /* TestPicker.swift in Sources */,
				D008F2DB287193A0009FF9B5 /* TestSlider.swift in Sources */,
				D008F2CF287193A0009FF9B5 /* TestAnimation.swift in Sources */,
				D008F2BD287193A0009FF9B5 /* TestSheet.swift in Sources */,
				D008F2BB287193A0009FF9B5 /* TestForm.swift in Sources */,
				D008F2D7287193A0009FF9B5 /* TestPriority.swift in Sources */,
				D008F2CD287193A0009FF9B5 /* TestList.swift in Sources */,
				D03F5619287B56E900B64A44 /* TestNativeUrlImage.swift in Sources */,
				D008F2B3287193A0009FF9B5 /* TestViewModifier.swift in Sources */,
				D008F291287193A0009FF9B5 /* TestCelFah.swift in Sources */,
				D008F2C1287193A0009FF9B5 /* TestStepper.swift in Sources */,
				D008F29F287193A0009FF9B5 /* TestComparison.swift in Sources */,
				D008F2E5287193A0009FF9B5 /* TestNavigationViewModel.swift in Sources */,
				D008F2AB287193A0009FF9B5 /* TestTerminal.swift in Sources */,
				D008F2D9287193A0009FF9B5 /* TestImage.swift in Sources */,
				EC4776C22830CD0C00E3AB4A /* Cardify.swift in Sources */,
				D008F2C7287193A0009FF9B5 /* TestEmptyTest.swift in Sources */,
				D008F2ED287193A0009FF9B5 /* TestVariadic.swift in Sources */,
				D008F2B9287193A0009FF9B5 /* TestTabView.swift in Sources */,
				D008F2D5287193A0009FF9B5 /* TestUserDefaults.swift in Sources */,
				EC34826128020E12000F1FF6 /* EmojiMemoryGame.swift in Sources */,
				ECE9E555282630370051BEF3 /* AspectVGrid.swift in Sources */,
				D008F293287193A0009FF9B5 /* TestGradient.swift in Sources */,
			);
			runOnlyForDeploymentPostprocessing = 0;
		};
/* End PBXSourcesBuildPhase section */

/* Begin PBXTargetDependency section */
		D008F3062871970F009FF9B5 /* PBXTargetDependency */ = {
			isa = PBXTargetDependency;
			target = EC7B8DB127F38B1B00B76550 /* Memorize */;
			targetProxy = D008F3052871970F009FF9B5 /* PBXContainerItemProxy */;
		};
/* End PBXTargetDependency section */

/* Begin XCBuildConfiguration section */
		D008F3082871970F009FF9B5 /* Debug */ = {
			isa = XCBuildConfiguration;
			buildSettings = {
				BUNDLE_LOADER = "$(TEST_HOST)";
				CODE_SIGN_STYLE = Automatic;
				CURRENT_PROJECT_VERSION = 1;
				DEVELOPMENT_TEAM = ZT525LAF69;
				GENERATE_INFOPLIST_FILE = YES;
				IPHONEOS_DEPLOYMENT_TARGET = 15.5;
				MARKETING_VERSION = 1.0;
				PRODUCT_BUNDLE_IDENTIFIER = com.gmail.gromovitaly.MemorizeTests;
				PRODUCT_NAME = "$(TARGET_NAME)";
				SWIFT_EMIT_LOC_STRINGS = NO;
				SWIFT_VERSION = 5.0;
				TARGETED_DEVICE_FAMILY = "1,2";
				TEST_HOST = "$(BUILT_PRODUCTS_DIR)/Memorize.app/Memorize";
			};
			name = Debug;
		};
		D008F3092871970F009FF9B5 /* Release */ = {
			isa = XCBuildConfiguration;
			buildSettings = {
				BUNDLE_LOADER = "$(TEST_HOST)";
				CODE_SIGN_STYLE = Automatic;
				CURRENT_PROJECT_VERSION = 1;
				DEVELOPMENT_TEAM = ZT525LAF69;
				GENERATE_INFOPLIST_FILE = YES;
				IPHONEOS_DEPLOYMENT_TARGET = 15.5;
				MARKETING_VERSION = 1.0;
				PRODUCT_BUNDLE_IDENTIFIER = com.gmail.gromovitaly.MemorizeTests;
				PRODUCT_NAME = "$(TARGET_NAME)";
				SWIFT_EMIT_LOC_STRINGS = NO;
				SWIFT_VERSION = 5.0;
				TARGETED_DEVICE_FAMILY = "1,2";
				TEST_HOST = "$(BUILT_PRODUCTS_DIR)/Memorize.app/Memorize";
			};
			name = Release;
		};
		EC7B8DBE27F38B1C00B76550 /* Debug */ = {
			isa = XCBuildConfiguration;
			buildSettings = {
				ALWAYS_SEARCH_USER_PATHS = NO;
				CLANG_ANALYZER_NONNULL = YES;
				CLANG_ANALYZER_NUMBER_OBJECT_CONVERSION = YES_AGGRESSIVE;
				CLANG_CXX_LANGUAGE_STANDARD = "gnu++17";
				CLANG_CXX_LIBRARY = "libc++";
				CLANG_ENABLE_MODULES = YES;
				CLANG_ENABLE_OBJC_ARC = YES;
				CLANG_ENABLE_OBJC_WEAK = YES;
				CLANG_WARN_BLOCK_CAPTURE_AUTORELEASING = YES;
				CLANG_WARN_BOOL_CONVERSION = YES;
				CLANG_WARN_COMMA = YES;
				CLANG_WARN_CONSTANT_CONVERSION = YES;
				CLANG_WARN_DEPRECATED_OBJC_IMPLEMENTATIONS = YES;
				CLANG_WARN_DIRECT_OBJC_ISA_USAGE = YES_ERROR;
				CLANG_WARN_DOCUMENTATION_COMMENTS = YES;
				CLANG_WARN_EMPTY_BODY = YES;
				CLANG_WARN_ENUM_CONVERSION = YES;
				CLANG_WARN_INFINITE_RECURSION = YES;
				CLANG_WARN_INT_CONVERSION = YES;
				CLANG_WARN_NON_LITERAL_NULL_CONVERSION = YES;
				CLANG_WARN_OBJC_IMPLICIT_RETAIN_SELF = YES;
				CLANG_WARN_OBJC_LITERAL_CONVERSION = YES;
				CLANG_WARN_OBJC_ROOT_CLASS = YES_ERROR;
				CLANG_WARN_QUOTED_INCLUDE_IN_FRAMEWORK_HEADER = YES;
				CLANG_WARN_RANGE_LOOP_ANALYSIS = YES;
				CLANG_WARN_STRICT_PROTOTYPES = YES;
				CLANG_WARN_SUSPICIOUS_MOVE = YES;
				CLANG_WARN_UNGUARDED_AVAILABILITY = YES_AGGRESSIVE;
				CLANG_WARN_UNREACHABLE_CODE = YES;
				CLANG_WARN__DUPLICATE_METHOD_MATCH = YES;
				COPY_PHASE_STRIP = NO;
				DEBUG_INFORMATION_FORMAT = dwarf;
				ENABLE_STRICT_OBJC_MSGSEND = YES;
				ENABLE_TESTABILITY = YES;
				GCC_C_LANGUAGE_STANDARD = gnu11;
				GCC_DYNAMIC_NO_PIC = NO;
				GCC_NO_COMMON_BLOCKS = YES;
				GCC_OPTIMIZATION_LEVEL = 0;
				GCC_PREPROCESSOR_DEFINITIONS = (
					"DEBUG=1",
					"$(inherited)",
				);
				GCC_WARN_64_TO_32_BIT_CONVERSION = YES;
				GCC_WARN_ABOUT_RETURN_TYPE = YES_ERROR;
				GCC_WARN_UNDECLARED_SELECTOR = YES;
				GCC_WARN_UNINITIALIZED_AUTOS = YES_AGGRESSIVE;
				GCC_WARN_UNUSED_FUNCTION = YES;
				GCC_WARN_UNUSED_VARIABLE = YES;
				IPHONEOS_DEPLOYMENT_TARGET = 15.2;
				MTL_ENABLE_DEBUG_INFO = INCLUDE_SOURCE;
				MTL_FAST_MATH = YES;
				ONLY_ACTIVE_ARCH = YES;
				SDKROOT = iphoneos;
				SWIFT_ACTIVE_COMPILATION_CONDITIONS = DEBUG;
				SWIFT_OPTIMIZATION_LEVEL = "-Onone";
			};
			name = Debug;
		};
		EC7B8DBF27F38B1C00B76550 /* Release */ = {
			isa = XCBuildConfiguration;
			buildSettings = {
				ALWAYS_SEARCH_USER_PATHS = NO;
				CLANG_ANALYZER_NONNULL = YES;
				CLANG_ANALYZER_NUMBER_OBJECT_CONVERSION = YES_AGGRESSIVE;
				CLANG_CXX_LANGUAGE_STANDARD = "gnu++17";
				CLANG_CXX_LIBRARY = "libc++";
				CLANG_ENABLE_MODULES = YES;
				CLANG_ENABLE_OBJC_ARC = YES;
				CLANG_ENABLE_OBJC_WEAK = YES;
				CLANG_WARN_BLOCK_CAPTURE_AUTORELEASING = YES;
				CLANG_WARN_BOOL_CONVERSION = YES;
				CLANG_WARN_COMMA = YES;
				CLANG_WARN_CONSTANT_CONVERSION = YES;
				CLANG_WARN_DEPRECATED_OBJC_IMPLEMENTATIONS = YES;
				CLANG_WARN_DIRECT_OBJC_ISA_USAGE = YES_ERROR;
				CLANG_WARN_DOCUMENTATION_COMMENTS = YES;
				CLANG_WARN_EMPTY_BODY = YES;
				CLANG_WARN_ENUM_CONVERSION = YES;
				CLANG_WARN_INFINITE_RECURSION = YES;
				CLANG_WARN_INT_CONVERSION = YES;
				CLANG_WARN_NON_LITERAL_NULL_CONVERSION = YES;
				CLANG_WARN_OBJC_IMPLICIT_RETAIN_SELF = YES;
				CLANG_WARN_OBJC_LITERAL_CONVERSION = YES;
				CLANG_WARN_OBJC_ROOT_CLASS = YES_ERROR;
				CLANG_WARN_QUOTED_INCLUDE_IN_FRAMEWORK_HEADER = YES;
				CLANG_WARN_RANGE_LOOP_ANALYSIS = YES;
				CLANG_WARN_STRICT_PROTOTYPES = YES;
				CLANG_WARN_SUSPICIOUS_MOVE = YES;
				CLANG_WARN_UNGUARDED_AVAILABILITY = YES_AGGRESSIVE;
				CLANG_WARN_UNREACHABLE_CODE = YES;
				CLANG_WARN__DUPLICATE_METHOD_MATCH = YES;
				COPY_PHASE_STRIP = NO;
				DEBUG_INFORMATION_FORMAT = "dwarf-with-dsym";
				ENABLE_NS_ASSERTIONS = NO;
				ENABLE_STRICT_OBJC_MSGSEND = YES;
				GCC_C_LANGUAGE_STANDARD = gnu11;
				GCC_NO_COMMON_BLOCKS = YES;
				GCC_WARN_64_TO_32_BIT_CONVERSION = YES;
				GCC_WARN_ABOUT_RETURN_TYPE = YES_ERROR;
				GCC_WARN_UNDECLARED_SELECTOR = YES;
				GCC_WARN_UNINITIALIZED_AUTOS = YES_AGGRESSIVE;
				GCC_WARN_UNUSED_FUNCTION = YES;
				GCC_WARN_UNUSED_VARIABLE = YES;
				IPHONEOS_DEPLOYMENT_TARGET = 15.2;
				MTL_ENABLE_DEBUG_INFO = NO;
				MTL_FAST_MATH = YES;
				SDKROOT = iphoneos;
				SWIFT_COMPILATION_MODE = wholemodule;
				SWIFT_OPTIMIZATION_LEVEL = "-O";
				VALIDATE_PRODUCT = YES;
			};
			name = Release;
		};
		EC7B8DC127F38B1C00B76550 /* Debug */ = {
			isa = XCBuildConfiguration;
			buildSettings = {
				ASSETCATALOG_COMPILER_APPICON_NAME = AppIcon;
				ASSETCATALOG_COMPILER_GLOBAL_ACCENT_COLOR_NAME = AccentColor;
				CODE_SIGN_STYLE = Automatic;
				CURRENT_PROJECT_VERSION = 1;
				DEVELOPMENT_ASSET_PATHS = "\"Memorize/Preview Content\"";
				DEVELOPMENT_TEAM = ZT525LAF69;
				ENABLE_PREVIEWS = YES;
				GENERATE_INFOPLIST_FILE = YES;
				INFOPLIST_KEY_UIApplicationSceneManifest_Generation = YES;
				INFOPLIST_KEY_UIApplicationSupportsIndirectInputEvents = YES;
				INFOPLIST_KEY_UILaunchScreen_Generation = YES;
				INFOPLIST_KEY_UISupportedInterfaceOrientations_iPad = "UIInterfaceOrientationPortrait UIInterfaceOrientationPortraitUpsideDown UIInterfaceOrientationLandscapeLeft UIInterfaceOrientationLandscapeRight";
				INFOPLIST_KEY_UISupportedInterfaceOrientations_iPhone = "UIInterfaceOrientationPortrait UIInterfaceOrientationLandscapeLeft UIInterfaceOrientationLandscapeRight";
				LD_RUNPATH_SEARCH_PATHS = (
					"$(inherited)",
					"@executable_path/Frameworks",
				);
				MARKETING_VERSION = 1.0;
				PRODUCT_BUNDLE_IDENTIFIER = com.gmail.gromovitaly.Memorize;
				PRODUCT_NAME = "$(TARGET_NAME)";
				SWIFT_EMIT_LOC_STRINGS = YES;
				SWIFT_VERSION = 5.0;
				TARGETED_DEVICE_FAMILY = 1;
			};
			name = Debug;
		};
		EC7B8DC227F38B1C00B76550 /* Release */ = {
			isa = XCBuildConfiguration;
			buildSettings = {
				ASSETCATALOG_COMPILER_APPICON_NAME = AppIcon;
				ASSETCATALOG_COMPILER_GLOBAL_ACCENT_COLOR_NAME = AccentColor;
				CODE_SIGN_STYLE = Automatic;
				CURRENT_PROJECT_VERSION = 1;
				DEVELOPMENT_ASSET_PATHS = "\"Memorize/Preview Content\"";
				DEVELOPMENT_TEAM = ZT525LAF69;
				ENABLE_PREVIEWS = YES;
				GENERATE_INFOPLIST_FILE = YES;
				INFOPLIST_KEY_UIApplicationSceneManifest_Generation = YES;
				INFOPLIST_KEY_UIApplicationSupportsIndirectInputEvents = YES;
				INFOPLIST_KEY_UILaunchScreen_Generation = YES;
				INFOPLIST_KEY_UISupportedInterfaceOrientations_iPad = "UIInterfaceOrientationPortrait UIInterfaceOrientationPortraitUpsideDown UIInterfaceOrientationLandscapeLeft UIInterfaceOrientationLandscapeRight";
				INFOPLIST_KEY_UISupportedInterfaceOrientations_iPhone = "UIInterfaceOrientationPortrait UIInterfaceOrientationLandscapeLeft UIInterfaceOrientationLandscapeRight";
				LD_RUNPATH_SEARCH_PATHS = (
					"$(inherited)",
					"@executable_path/Frameworks",
				);
				MARKETING_VERSION = 1.0;
				PRODUCT_BUNDLE_IDENTIFIER = com.gmail.gromovitaly.Memorize;
				PRODUCT_NAME = "$(TARGET_NAME)";
				SWIFT_EMIT_LOC_STRINGS = YES;
				SWIFT_VERSION = 5.0;
				TARGETED_DEVICE_FAMILY = 1;
			};
			name = Release;
		};
/* End XCBuildConfiguration section */

/* Begin XCConfigurationList section */
		D008F3072871970F009FF9B5 /* Build configuration list for PBXNativeTarget "MemorizeTests" */ = {
			isa = XCConfigurationList;
			buildConfigurations = (
				D008F3082871970F009FF9B5 /* Debug */,
				D008F3092871970F009FF9B5 /* Release */,
			);
			defaultConfigurationIsVisible = 0;
			defaultConfigurationName = Release;
		};
		EC7B8DAD27F38B1B00B76550 /* Build configuration list for PBXProject "Memorize" */ = {
			isa = XCConfigurationList;
			buildConfigurations = (
				EC7B8DBE27F38B1C00B76550 /* Debug */,
				EC7B8DBF27F38B1C00B76550 /* Release */,
			);
			defaultConfigurationIsVisible = 0;
			defaultConfigurationName = Release;
		};
		EC7B8DC027F38B1C00B76550 /* Build configuration list for PBXNativeTarget "Memorize" */ = {
			isa = XCConfigurationList;
			buildConfigurations = (
				EC7B8DC127F38B1C00B76550 /* Debug */,
				EC7B8DC227F38B1C00B76550 /* Release */,
			);
			defaultConfigurationIsVisible = 0;
			defaultConfigurationName = Release;
		};
/* End XCConfigurationList section */

/* Begin XCRemoteSwiftPackageReference section */
		D008F2F72871940C009FF9B5 /* XCRemoteSwiftPackageReference "Kingfisher" */ = {
			isa = XCRemoteSwiftPackageReference;
			repositoryURL = "https://github.com/onevcat/Kingfisher";
			requirement = {
				kind = upToNextMajorVersion;
				minimumVersion = 7.0.0;
			};
		};
/* End XCRemoteSwiftPackageReference section */

/* Begin XCSwiftPackageProductDependency section */
		D008F2F82871940C009FF9B5 /* Kingfisher */ = {
			isa = XCSwiftPackageProductDependency;
			package = D008F2F72871940C009FF9B5 /* XCRemoteSwiftPackageReference "Kingfisher" */;
			productName = Kingfisher;
		};
/* End XCSwiftPackageProductDependency section */
	};
	rootObject = EC7B8DAA27F38B1B00B76550 /* Project object */;
}
