// !$*UTF8*$!
{
	archiveVersion = 1;
	classes = {
	};
	objectVersion = 55;
	objects = {

/* Begin PBXBuildFile section */
		D038E3B3286E065D000BBFB3 /* MemorizeTests.swift in Sources */ = {isa = PBXBuildFile; fileRef = D038E3B2286E065D000BBFB3 /* MemorizeTests.swift */; };
		D043F6E428686864002CA7C0 /* UnsplashSwiftUI in Frameworks */ = {isa = PBXBuildFile; productRef = D043F6E328686864002CA7C0 /* UnsplashSwiftUI */; };
		D0CB3EF528681A4400BBBF5A /* TestCheckpoint6.swift in Sources */ = {isa = PBXBuildFile; fileRef = D0CB3EF428681A4400BBBF5A /* TestCheckpoint6.swift */; };
		D0CB3EF828685B0400BBBF5A /* UnsplashPhotoPicker in Frameworks */ = {isa = PBXBuildFile; productRef = D0CB3EF728685B0400BBBF5A /* UnsplashPhotoPicker */; };
		D0CB3EFA28685B2A00BBBF5A /* TestAPIUnsplash.swift in Sources */ = {isa = PBXBuildFile; fileRef = D0CB3EF928685B2A00BBBF5A /* TestAPIUnsplash.swift */; };
		EC063409283A9493003FEFDE /* TestColor.swift in Sources */ = {isa = PBXBuildFile; fileRef = EC063408283A9493003FEFDE /* TestColor.swift */; };
		EC0E59D8285CF39200A9D7D1 /* SPAlert in Frameworks */ = {isa = PBXBuildFile; productRef = EC0E59D7285CF39200A9D7D1 /* SPAlert */; };
		EC0E59DA285CF3BD00A9D7D1 /* TestSPAlert.swift in Sources */ = {isa = PBXBuildFile; fileRef = EC0E59D9285CF3BD00A9D7D1 /* TestSPAlert.swift */; };
		EC0E59DC285CF3F800A9D7D1 /* TestAlgorithms.swift in Sources */ = {isa = PBXBuildFile; fileRef = EC0E59DB285CF3F800A9D7D1 /* TestAlgorithms.swift */; };
		EC34825A28019DD8000F1FF6 /* TestViewListList.swift in Sources */ = {isa = PBXBuildFile; fileRef = EC34825928019DD8000F1FF6 /* TestViewListList.swift */; };
		EC34825C28019FED000F1FF6 /* MemoryGame.swift in Sources */ = {isa = PBXBuildFile; fileRef = EC34825B28019FED000F1FF6 /* MemoryGame.swift */; };
		EC34825F2801AADB000F1FF6 /* TestEmptyTest.swift in Sources */ = {isa = PBXBuildFile; fileRef = EC34825E2801AADB000F1FF6 /* TestEmptyTest.swift */; };
		EC34826128020E12000F1FF6 /* EmojiMemoryGame.swift in Sources */ = {isa = PBXBuildFile; fileRef = EC34826028020E12000F1FF6 /* EmojiMemoryGame.swift */; };
		EC3893EF280C10440082228D /* TestForm.swift in Sources */ = {isa = PBXBuildFile; fileRef = EC3893EE280C10440082228D /* TestForm.swift */; };
		EC4776BA282EF22000E3AB4A /* Pie.swift in Sources */ = {isa = PBXBuildFile; fileRef = EC4776B9282EF22000E3AB4A /* Pie.swift */; };
		EC4776BC282FAB5000E3AB4A /* TestViewBuilder.swift in Sources */ = {isa = PBXBuildFile; fileRef = EC4776BB282FAB5000E3AB4A /* TestViewBuilder.swift */; };
		EC4776C0283025F500E3AB4A /* TestViewModifier.swift in Sources */ = {isa = PBXBuildFile; fileRef = EC4776BF283025F500E3AB4A /* TestViewModifier.swift */; };
		EC4776C22830CD0C00E3AB4A /* Cardify.swift in Sources */ = {isa = PBXBuildFile; fileRef = EC4776C12830CD0C00E3AB4A /* Cardify.swift */; };
		EC4776C428320AE700E3AB4A /* TestAnimation.swift in Sources */ = {isa = PBXBuildFile; fileRef = EC4776C328320AE700E3AB4A /* TestAnimation.swift */; };
		EC4776C62835720500E3AB4A /* TestAnimation2.swift in Sources */ = {isa = PBXBuildFile; fileRef = EC4776C52835720500E3AB4A /* TestAnimation2.swift */; };
		EC4E95AB284A1BD80025FC0E /* TestCelFah.swift in Sources */ = {isa = PBXBuildFile; fileRef = EC4E95AA284A1BD80025FC0E /* TestCelFah.swift */; };
		EC51CE6F284939AD00C1270C /* TestComparison.swift in Sources */ = {isa = PBXBuildFile; fileRef = EC51CE6E284939AD00C1270C /* TestComparison.swift */; };
		EC58AAD5284E7AD200091778 /* TestTemp.swift in Sources */ = {isa = PBXBuildFile; fileRef = EC58AAD4284E7AD200091778 /* TestTemp.swift */; };
		EC61C7A22815837100A78826 /* TestModifiers.swift in Sources */ = {isa = PBXBuildFile; fileRef = EC61C7A12815837100A78826 /* TestModifiers.swift */; };
		EC61C7A42815915700A78826 /* TestWrapped.swift in Sources */ = {isa = PBXBuildFile; fileRef = EC61C7A32815915700A78826 /* TestWrapped.swift */; };
		EC61C7A6281596E100A78826 /* TestWrappedModel.swift in Sources */ = {isa = PBXBuildFile; fileRef = EC61C7A5281596E100A78826 /* TestWrappedModel.swift */; };
		EC674F722805A29400D269AC /* TestToggle.swift in Sources */ = {isa = PBXBuildFile; fileRef = EC674F712805A29400D269AC /* TestToggle.swift */; };
		EC674F742805A4ED00D269AC /* TestModel1.swift in Sources */ = {isa = PBXBuildFile; fileRef = EC674F732805A4ED00D269AC /* TestModel1.swift */; };
		EC674F76280723C900D269AC /* TestButtom.swift in Sources */ = {isa = PBXBuildFile; fileRef = EC674F75280723C900D269AC /* TestButtom.swift */; };
		EC674F7828074F7400D269AC /* TestTextField.swift in Sources */ = {isa = PBXBuildFile; fileRef = EC674F7728074F7400D269AC /* TestTextField.swift */; };
		EC674F7A280754B900D269AC /* TestSlider.swift in Sources */ = {isa = PBXBuildFile; fileRef = EC674F79280754B900D269AC /* TestSlider.swift */; };
		EC674F7C280758D800D269AC /* TestPicker.swift in Sources */ = {isa = PBXBuildFile; fileRef = EC674F7B280758D800D269AC /* TestPicker.swift */; };
		EC674F7E2807623100D269AC /* TestStepper.swift in Sources */ = {isa = PBXBuildFile; fileRef = EC674F7D2807623100D269AC /* TestStepper.swift */; };
		EC674F8028080E6C00D269AC /* TestOnTapGesture.swift in Sources */ = {isa = PBXBuildFile; fileRef = EC674F7F28080E6C00D269AC /* TestOnTapGesture.swift */; };
		EC674F822808135300D269AC /* TestList.swift in Sources */ = {isa = PBXBuildFile; fileRef = EC674F812808135300D269AC /* TestList.swift */; };
		EC674F8428086CF300D269AC /* TestNavigationView.swift in Sources */ = {isa = PBXBuildFile; fileRef = EC674F8328086CF300D269AC /* TestNavigationView.swift */; };
		EC674F8628092D8A00D269AC /* TestNavigationViewModel.swift in Sources */ = {isa = PBXBuildFile; fileRef = EC674F8528092D8A00D269AC /* TestNavigationViewModel.swift */; };
		EC674F88280B50C900D269AC /* TestTabView.swift in Sources */ = {isa = PBXBuildFile; fileRef = EC674F87280B50C900D269AC /* TestTabView.swift */; };
		EC6A792E28495E4B004A0782 /* Kingfisher in Frameworks */ = {isa = PBXBuildFile; productRef = EC6A792D28495E4B004A0782 /* Kingfisher */; };
		EC6A793028495E72004A0782 /* TestKingFisher.swift in Sources */ = {isa = PBXBuildFile; fileRef = EC6A792F28495E72004A0782 /* TestKingFisher.swift */; };
		EC742C8728113E630007018C /* TestAlert.swift in Sources */ = {isa = PBXBuildFile; fileRef = EC742C8628113E630007018C /* TestAlert.swift */; };
		EC7B8DB627F38B1B00B76550 /* MemorizeApp.swift in Sources */ = {isa = PBXBuildFile; fileRef = EC7B8DB527F38B1B00B76550 /* MemorizeApp.swift */; };
		EC7B8DB827F38B1B00B76550 /* EmojiMemoryGameView.swift in Sources */ = {isa = PBXBuildFile; fileRef = EC7B8DB727F38B1B00B76550 /* EmojiMemoryGameView.swift */; };
		EC7B8DBA27F38B1C00B76550 /* Assets.xcassets in Resources */ = {isa = PBXBuildFile; fileRef = EC7B8DB927F38B1C00B76550 /* Assets.xcassets */; };
		EC7B8DBD27F38B1C00B76550 /* Preview Assets.xcassets in Resources */ = {isa = PBXBuildFile; fileRef = EC7B8DBC27F38B1C00B76550 /* Preview Assets.xcassets */; };
		EC8B4C40281BA41400EA0E2C /* TestNavigationLink.swift in Sources */ = {isa = PBXBuildFile; fileRef = EC8B4C3F281BA41400EA0E2C /* TestNavigationLink.swift */; };
		EC8B4C42281D283800EA0E2C /* TestSheet.swift in Sources */ = {isa = PBXBuildFile; fileRef = EC8B4C41281D283800EA0E2C /* TestSheet.swift */; };
		EC8B4C44281D5C6200EA0E2C /* TestNavigationView2.swift in Sources */ = {isa = PBXBuildFile; fileRef = EC8B4C43281D5C6200EA0E2C /* TestNavigationView2.swift */; };
		EC8B4C46281ED52100EA0E2C /* TestOpenSettings.swift in Sources */ = {isa = PBXBuildFile; fileRef = EC8B4C45281ED52100EA0E2C /* TestOpenSettings.swift */; };
		EC8B4C482821A19B00EA0E2C /* TestUserDefaults.swift in Sources */ = {isa = PBXBuildFile; fileRef = EC8B4C472821A19B00EA0E2C /* TestUserDefaults.swift */; };
		EC8B4C4A28223B7000EA0E2C /* TestJSON.swift in Sources */ = {isa = PBXBuildFile; fileRef = EC8B4C4928223B7000EA0E2C /* TestJSON.swift */; };
		EC8B4C4C282463BF00EA0E2C /* TestPriority.swift in Sources */ = {isa = PBXBuildFile; fileRef = EC8B4C4B282463BF00EA0E2C /* TestPriority.swift */; };
		ECB761C82804B61C00BFA45D /* TestGradient.swift in Sources */ = {isa = PBXBuildFile; fileRef = ECB761C72804B61C00BFA45D /* TestGradient.swift */; };
		ECC4EC6827FF46220085C741 /* TestViewShapeList.swift in Sources */ = {isa = PBXBuildFile; fileRef = ECC4EC6727FF46220085C741 /* TestViewShapeList.swift */; };
		ECE9E55328259C2A0051BEF3 /* TestGeometryReader.swift in Sources */ = {isa = PBXBuildFile; fileRef = ECE9E55228259C2A0051BEF3 /* TestGeometryReader.swift */; };
		ECE9E555282630370051BEF3 /* AspectVGrid.swift in Sources */ = {isa = PBXBuildFile; fileRef = ECE9E554282630370051BEF3 /* AspectVGrid.swift */; };
		ECE9E557282CC8860051BEF3 /* TestImage.swift in Sources */ = {isa = PBXBuildFile; fileRef = ECE9E556282CC8860051BEF3 /* TestImage.swift */; };
		ECF1A87E284BCFD60064DDC8 /* TestVariadic.swift in Sources */ = {isa = PBXBuildFile; fileRef = ECF1A87D284BCFD60064DDC8 /* TestVariadic.swift */; };
/* End PBXBuildFile section */

/* Begin PBXContainerItemProxy section */
		D038E3B4286E065D000BBFB3 /* PBXContainerItemProxy */ = {
			isa = PBXContainerItemProxy;
			containerPortal = EC7B8DAA27F38B1B00B76550 /* Project object */;
			proxyType = 1;
			remoteGlobalIDString = EC7B8DB127F38B1B00B76550;
			remoteInfo = Memorize;
		};
/* End PBXContainerItemProxy section */

/* Begin PBXFileReference section */
		D038E3B0286E065D000BBFB3 /* MemorizeTests.xctest */ = {isa = PBXFileReference; explicitFileType = wrapper.cfbundle; includeInIndex = 0; path = MemorizeTests.xctest; sourceTree = BUILT_PRODUCTS_DIR; };
		D038E3B2286E065D000BBFB3 /* MemorizeTests.swift */ = {isa = PBXFileReference; lastKnownFileType = sourcecode.swift; path = MemorizeTests.swift; sourceTree = "<group>"; };
		D0CB3EF428681A4400BBBF5A /* TestCheckpoint6.swift */ = {isa = PBXFileReference; lastKnownFileType = sourcecode.swift; path = TestCheckpoint6.swift; sourceTree = "<group>"; };
		D0CB3EF928685B2A00BBBF5A /* TestAPIUnsplash.swift */ = {isa = PBXFileReference; lastKnownFileType = sourcecode.swift; path = TestAPIUnsplash.swift; sourceTree = "<group>"; };
		EC063408283A9493003FEFDE /* TestColor.swift */ = {isa = PBXFileReference; lastKnownFileType = sourcecode.swift; path = TestColor.swift; sourceTree = "<group>"; };
		EC0E59D9285CF3BD00A9D7D1 /* TestSPAlert.swift */ = {isa = PBXFileReference; fileEncoding = 4; lastKnownFileType = sourcecode.swift; path = TestSPAlert.swift; sourceTree = "<group>"; };
		EC0E59DB285CF3F800A9D7D1 /* TestAlgorithms.swift */ = {isa = PBXFileReference; fileEncoding = 4; lastKnownFileType = sourcecode.swift; path = TestAlgorithms.swift; sourceTree = "<group>"; };
		EC34825928019DD8000F1FF6 /* TestViewListList.swift */ = {isa = PBXFileReference; lastKnownFileType = sourcecode.swift; path = TestViewListList.swift; sourceTree = "<group>"; };
		EC34825B28019FED000F1FF6 /* MemoryGame.swift */ = {isa = PBXFileReference; lastKnownFileType = sourcecode.swift; path = MemoryGame.swift; sourceTree = SOURCE_ROOT; };
		EC34825E2801AADB000F1FF6 /* TestEmptyTest.swift */ = {isa = PBXFileReference; lastKnownFileType = sourcecode.swift; path = TestEmptyTest.swift; sourceTree = "<group>"; };
		EC34826028020E12000F1FF6 /* EmojiMemoryGame.swift */ = {isa = PBXFileReference; lastKnownFileType = sourcecode.swift; path = EmojiMemoryGame.swift; sourceTree = "<group>"; };
		EC3893EE280C10440082228D /* TestForm.swift */ = {isa = PBXFileReference; lastKnownFileType = sourcecode.swift; path = TestForm.swift; sourceTree = "<group>"; };
		EC4776B9282EF22000E3AB4A /* Pie.swift */ = {isa = PBXFileReference; lastKnownFileType = sourcecode.swift; path = Pie.swift; sourceTree = "<group>"; };
		EC4776BB282FAB5000E3AB4A /* TestViewBuilder.swift */ = {isa = PBXFileReference; lastKnownFileType = sourcecode.swift; path = TestViewBuilder.swift; sourceTree = "<group>"; };
		EC4776BF283025F500E3AB4A /* TestViewModifier.swift */ = {isa = PBXFileReference; lastKnownFileType = sourcecode.swift; path = TestViewModifier.swift; sourceTree = "<group>"; };
		EC4776C12830CD0C00E3AB4A /* Cardify.swift */ = {isa = PBXFileReference; lastKnownFileType = sourcecode.swift; path = Cardify.swift; sourceTree = "<group>"; };
		EC4776C328320AE700E3AB4A /* TestAnimation.swift */ = {isa = PBXFileReference; lastKnownFileType = sourcecode.swift; path = TestAnimation.swift; sourceTree = "<group>"; };
		EC4776C52835720500E3AB4A /* TestAnimation2.swift */ = {isa = PBXFileReference; lastKnownFileType = sourcecode.swift; path = TestAnimation2.swift; sourceTree = "<group>"; };
		EC4E95AA284A1BD80025FC0E /* TestCelFah.swift */ = {isa = PBXFileReference; lastKnownFileType = sourcecode.swift; path = TestCelFah.swift; sourceTree = "<group>"; };
		EC51CE6E284939AD00C1270C /* TestComparison.swift */ = {isa = PBXFileReference; lastKnownFileType = sourcecode.swift; path = TestComparison.swift; sourceTree = "<group>"; };
		EC58AAD4284E7AD200091778 /* TestTemp.swift */ = {isa = PBXFileReference; lastKnownFileType = sourcecode.swift; path = TestTemp.swift; sourceTree = "<group>"; };
		EC61C7A12815837100A78826 /* TestModifiers.swift */ = {isa = PBXFileReference; lastKnownFileType = sourcecode.swift; path = TestModifiers.swift; sourceTree = "<group>"; };
		EC61C7A32815915700A78826 /* TestWrapped.swift */ = {isa = PBXFileReference; lastKnownFileType = sourcecode.swift; path = TestWrapped.swift; sourceTree = "<group>"; };
		EC61C7A5281596E100A78826 /* TestWrappedModel.swift */ = {isa = PBXFileReference; lastKnownFileType = sourcecode.swift; path = TestWrappedModel.swift; sourceTree = "<group>"; };
		EC674F712805A29400D269AC /* TestToggle.swift */ = {isa = PBXFileReference; lastKnownFileType = sourcecode.swift; path = TestToggle.swift; sourceTree = "<group>"; };
		EC674F732805A4ED00D269AC /* TestModel1.swift */ = {isa = PBXFileReference; lastKnownFileType = sourcecode.swift; path = TestModel1.swift; sourceTree = "<group>"; };
		EC674F75280723C900D269AC /* TestButtom.swift */ = {isa = PBXFileReference; lastKnownFileType = sourcecode.swift; path = TestButtom.swift; sourceTree = "<group>"; };
		EC674F7728074F7400D269AC /* TestTextField.swift */ = {isa = PBXFileReference; lastKnownFileType = sourcecode.swift; path = TestTextField.swift; sourceTree = "<group>"; };
		EC674F79280754B900D269AC /* TestSlider.swift */ = {isa = PBXFileReference; lastKnownFileType = sourcecode.swift; path = TestSlider.swift; sourceTree = "<group>"; };
		EC674F7B280758D800D269AC /* TestPicker.swift */ = {isa = PBXFileReference; lastKnownFileType = sourcecode.swift; path = TestPicker.swift; sourceTree = "<group>"; };
		EC674F7D2807623100D269AC /* TestStepper.swift */ = {isa = PBXFileReference; lastKnownFileType = sourcecode.swift; path = TestStepper.swift; sourceTree = "<group>"; };
		EC674F7F28080E6C00D269AC /* TestOnTapGesture.swift */ = {isa = PBXFileReference; lastKnownFileType = sourcecode.swift; path = TestOnTapGesture.swift; sourceTree = "<group>"; };
		EC674F812808135300D269AC /* TestList.swift */ = {isa = PBXFileReference; lastKnownFileType = sourcecode.swift; path = TestList.swift; sourceTree = "<group>"; };
		EC674F8328086CF300D269AC /* TestNavigationView.swift */ = {isa = PBXFileReference; lastKnownFileType = sourcecode.swift; path = TestNavigationView.swift; sourceTree = "<group>"; };
		EC674F8528092D8A00D269AC /* TestNavigationViewModel.swift */ = {isa = PBXFileReference; lastKnownFileType = sourcecode.swift; path = TestNavigationViewModel.swift; sourceTree = "<group>"; };
		EC674F87280B50C900D269AC /* TestTabView.swift */ = {isa = PBXFileReference; lastKnownFileType = sourcecode.swift; path = TestTabView.swift; sourceTree = "<group>"; };
		EC6A792F28495E72004A0782 /* TestKingFisher.swift */ = {isa = PBXFileReference; lastKnownFileType = sourcecode.swift; path = TestKingFisher.swift; sourceTree = "<group>"; };
		EC742C8628113E630007018C /* TestAlert.swift */ = {isa = PBXFileReference; lastKnownFileType = sourcecode.swift; path = TestAlert.swift; sourceTree = "<group>"; };
		EC7B8DB227F38B1B00B76550 /* Memorize.app */ = {isa = PBXFileReference; explicitFileType = wrapper.application; includeInIndex = 0; path = Memorize.app; sourceTree = BUILT_PRODUCTS_DIR; };
		EC7B8DB527F38B1B00B76550 /* MemorizeApp.swift */ = {isa = PBXFileReference; lastKnownFileType = sourcecode.swift; path = MemorizeApp.swift; sourceTree = "<group>"; };
		EC7B8DB727F38B1B00B76550 /* EmojiMemoryGameView.swift */ = {isa = PBXFileReference; lastKnownFileType = sourcecode.swift; path = EmojiMemoryGameView.swift; sourceTree = "<group>"; };
		EC7B8DB927F38B1C00B76550 /* Assets.xcassets */ = {isa = PBXFileReference; lastKnownFileType = folder.assetcatalog; path = Assets.xcassets; sourceTree = "<group>"; };
		EC7B8DBC27F38B1C00B76550 /* Preview Assets.xcassets */ = {isa = PBXFileReference; lastKnownFileType = folder.assetcatalog; path = "Preview Assets.xcassets"; sourceTree = "<group>"; };
		EC8B4C3F281BA41400EA0E2C /* TestNavigationLink.swift */ = {isa = PBXFileReference; lastKnownFileType = sourcecode.swift; path = TestNavigationLink.swift; sourceTree = "<group>"; };
		EC8B4C41281D283800EA0E2C /* TestSheet.swift */ = {isa = PBXFileReference; lastKnownFileType = sourcecode.swift; path = TestSheet.swift; sourceTree = "<group>"; };
		EC8B4C43281D5C6200EA0E2C /* TestNavigationView2.swift */ = {isa = PBXFileReference; lastKnownFileType = sourcecode.swift; path = TestNavigationView2.swift; sourceTree = "<group>"; };
		EC8B4C45281ED52100EA0E2C /* TestOpenSettings.swift */ = {isa = PBXFileReference; lastKnownFileType = sourcecode.swift; path = TestOpenSettings.swift; sourceTree = "<group>"; };
		EC8B4C472821A19B00EA0E2C /* TestUserDefaults.swift */ = {isa = PBXFileReference; lastKnownFileType = sourcecode.swift; path = TestUserDefaults.swift; sourceTree = "<group>"; };
		EC8B4C4928223B7000EA0E2C /* TestJSON.swift */ = {isa = PBXFileReference; lastKnownFileType = sourcecode.swift; path = TestJSON.swift; sourceTree = "<group>"; };
		EC8B4C4B282463BF00EA0E2C /* TestPriority.swift */ = {isa = PBXFileReference; lastKnownFileType = sourcecode.swift; path = TestPriority.swift; sourceTree = "<group>"; };
		ECB761C72804B61C00BFA45D /* TestGradient.swift */ = {isa = PBXFileReference; lastKnownFileType = sourcecode.swift; path = TestGradient.swift; sourceTree = "<group>"; };
		ECC4EC6727FF46220085C741 /* TestViewShapeList.swift */ = {isa = PBXFileReference; lastKnownFileType = sourcecode.swift; path = TestViewShapeList.swift; sourceTree = "<group>"; };
		ECE9E55228259C2A0051BEF3 /* TestGeometryReader.swift */ = {isa = PBXFileReference; lastKnownFileType = sourcecode.swift; path = TestGeometryReader.swift; sourceTree = "<group>"; };
		ECE9E554282630370051BEF3 /* AspectVGrid.swift */ = {isa = PBXFileReference; lastKnownFileType = sourcecode.swift; path = AspectVGrid.swift; sourceTree = "<group>"; };
		ECE9E556282CC8860051BEF3 /* TestImage.swift */ = {isa = PBXFileReference; lastKnownFileType = sourcecode.swift; path = TestImage.swift; sourceTree = "<group>"; };
		ECF1A87D284BCFD60064DDC8 /* TestVariadic.swift */ = {isa = PBXFileReference; lastKnownFileType = sourcecode.swift; path = TestVariadic.swift; sourceTree = "<group>"; };
/* End PBXFileReference section */

/* Begin PBXFrameworksBuildPhase section */
		D038E3AD286E065D000BBFB3 /* Frameworks */ = {
			isa = PBXFrameworksBuildPhase;
			buildActionMask = 2147483647;
			files = (
			);
			runOnlyForDeploymentPostprocessing = 0;
		};
		EC7B8DAF27F38B1B00B76550 /* Frameworks */ = {
			isa = PBXFrameworksBuildPhase;
			buildActionMask = 2147483647;
			files = (
				D043F6E428686864002CA7C0 /* UnsplashSwiftUI in Frameworks */,
				D0CB3EF828685B0400BBBF5A /* UnsplashPhotoPicker in Frameworks */,
				EC0E59D8285CF39200A9D7D1 /* SPAlert in Frameworks */,
				EC6A792E28495E4B004A0782 /* Kingfisher in Frameworks */,
			);
			runOnlyForDeploymentPostprocessing = 0;
		};
/* End PBXFrameworksBuildPhase section */

/* Begin PBXGroup section */
		D038E3B1286E065D000BBFB3 /* MemorizeTests */ = {
			isa = PBXGroup;
			children = (
				D038E3B2286E065D000BBFB3 /* MemorizeTests.swift */,
			);
			path = MemorizeTests;
			sourceTree = "<group>";
		};
		EC34825D2801A011000F1FF6 /* Learning */ = {
			isa = PBXGroup;
			children = (
				EC0E59DB285CF3F800A9D7D1 /* TestAlgorithms.swift */,
				EC58AAD4284E7AD200091778 /* TestTemp.swift */,
				D0CB3EF928685B2A00BBBF5A /* TestAPIUnsplash.swift */,
				ECE9E55228259C2A0051BEF3 /* TestGeometryReader.swift */,
				EC34825928019DD8000F1FF6 /* TestViewListList.swift */,
				EC0E59D9285CF3BD00A9D7D1 /* TestSPAlert.swift */,
				ECE9E556282CC8860051BEF3 /* TestImage.swift */,
				EC8B4C472821A19B00EA0E2C /* TestUserDefaults.swift */,
				EC6A792F28495E72004A0782 /* TestKingFisher.swift */,
				EC8B4C4928223B7000EA0E2C /* TestJSON.swift */,
				ECC4EC6727FF46220085C741 /* TestViewShapeList.swift */,
				D0CB3EF428681A4400BBBF5A /* TestCheckpoint6.swift */,
				EC674F7B280758D800D269AC /* TestPicker.swift */,
				EC674F712805A29400D269AC /* TestToggle.swift */,
				EC674F7F28080E6C00D269AC /* TestOnTapGesture.swift */,
				EC063408283A9493003FEFDE /* TestColor.swift */,
				EC51CE6E284939AD00C1270C /* TestComparison.swift */,
				EC674F79280754B900D269AC /* TestSlider.swift */,
				EC8B4C3F281BA41400EA0E2C /* TestNavigationLink.swift */,
				EC8B4C41281D283800EA0E2C /* TestSheet.swift */,
				EC4E95AA284A1BD80025FC0E /* TestCelFah.swift */,
				EC674F7728074F7400D269AC /* TestTextField.swift */,
				EC4776C328320AE700E3AB4A /* TestAnimation.swift */,
				ECF1A87D284BCFD60064DDC8 /* TestVariadic.swift */,
				EC4776BB282FAB5000E3AB4A /* TestViewBuilder.swift */,
				EC8B4C45281ED52100EA0E2C /* TestOpenSettings.swift */,
				EC8B4C4B282463BF00EA0E2C /* TestPriority.swift */,
				EC674F7D2807623100D269AC /* TestStepper.swift */,
				EC61C7A12815837100A78826 /* TestModifiers.swift */,
				EC34825E2801AADB000F1FF6 /* TestEmptyTest.swift */,
				EC3893EE280C10440082228D /* TestForm.swift */,
				EC674F8328086CF300D269AC /* TestNavigationView.swift */,
				EC4776BF283025F500E3AB4A /* TestViewModifier.swift */,
				EC8B4C43281D5C6200EA0E2C /* TestNavigationView2.swift */,
				ECB761C72804B61C00BFA45D /* TestGradient.swift */,
				EC674F732805A4ED00D269AC /* TestModel1.swift */,
				EC742C8628113E630007018C /* TestAlert.swift */,
				EC674F8528092D8A00D269AC /* TestNavigationViewModel.swift */,
				EC61C7A32815915700A78826 /* TestWrapped.swift */,
				EC61C7A5281596E100A78826 /* TestWrappedModel.swift */,
				EC674F812808135300D269AC /* TestList.swift */,
				EC674F87280B50C900D269AC /* TestTabView.swift */,
				EC674F75280723C900D269AC /* TestButtom.swift */,
				EC4776C52835720500E3AB4A /* TestAnimation2.swift */,
			);
			path = Learning;
			sourceTree = "<group>";
		};
		EC7B8DA927F38B1B00B76550 = {
			isa = PBXGroup;
			children = (
				EC7B8DB427F38B1B00B76550 /* Memorize */,
				D038E3B1286E065D000BBFB3 /* MemorizeTests */,
				EC7B8DB327F38B1B00B76550 /* Products */,
			);
			sourceTree = "<group>";
		};
		EC7B8DB327F38B1B00B76550 /* Products */ = {
			isa = PBXGroup;
			children = (
				EC7B8DB227F38B1B00B76550 /* Memorize.app */,
				D038E3B0286E065D000BBFB3 /* MemorizeTests.xctest */,
			);
			name = Products;
			sourceTree = "<group>";
		};
		EC7B8DB427F38B1B00B76550 /* Memorize */ = {
			isa = PBXGroup;
			children = (
				EC7B8DB527F38B1B00B76550 /* MemorizeApp.swift */,
				EC7B8DB727F38B1B00B76550 /* EmojiMemoryGameView.swift */,
				ECE9E554282630370051BEF3 /* AspectVGrid.swift */,
				EC34825B28019FED000F1FF6 /* MemoryGame.swift */,
				EC4776C12830CD0C00E3AB4A /* Cardify.swift */,
				EC34826028020E12000F1FF6 /* EmojiMemoryGame.swift */,
				EC4776B9282EF22000E3AB4A /* Pie.swift */,
				EC7B8DB927F38B1C00B76550 /* Assets.xcassets */,
				EC34825D2801A011000F1FF6 /* Learning */,
				EC7B8DBB27F38B1C00B76550 /* Preview Content */,
			);
			path = Memorize;
			sourceTree = "<group>";
		};
		EC7B8DBB27F38B1C00B76550 /* Preview Content */ = {
			isa = PBXGroup;
			children = (
				EC7B8DBC27F38B1C00B76550 /* Preview Assets.xcassets */,
			);
			path = "Preview Content";
			sourceTree = "<group>";
		};
/* End PBXGroup section */

/* Begin PBXNativeTarget section */
		D038E3AF286E065D000BBFB3 /* MemorizeTests */ = {
			isa = PBXNativeTarget;
			buildConfigurationList = D038E3B8286E065D000BBFB3 /* Build configuration list for PBXNativeTarget "MemorizeTests" */;
			buildPhases = (
				D038E3AC286E065D000BBFB3 /* Sources */,
				D038E3AD286E065D000BBFB3 /* Frameworks */,
				D038E3AE286E065D000BBFB3 /* Resources */,
			);
			buildRules = (
			);
			dependencies = (
				D038E3B5286E065D000BBFB3 /* PBXTargetDependency */,
			);
			name = MemorizeTests;
			productName = MemorizeTests;
			productReference = D038E3B0286E065D000BBFB3 /* MemorizeTests.xctest */;
			productType = "com.apple.product-type.bundle.unit-test";
		};
		EC7B8DB127F38B1B00B76550 /* Memorize */ = {
			isa = PBXNativeTarget;
			buildConfigurationList = EC7B8DC027F38B1C00B76550 /* Build configuration list for PBXNativeTarget "Memorize" */;
			buildPhases = (
				EC7B8DAE27F38B1B00B76550 /* Sources */,
				EC7B8DAF27F38B1B00B76550 /* Frameworks */,
				EC7B8DB027F38B1B00B76550 /* Resources */,
			);
			buildRules = (
			);
			dependencies = (
			);
			name = Memorize;
			packageProductDependencies = (
				EC6A792D28495E4B004A0782 /* Kingfisher */,
				EC0E59D7285CF39200A9D7D1 /* SPAlert */,
				D0CB3EF728685B0400BBBF5A /* UnsplashPhotoPicker */,
				D043F6E328686864002CA7C0 /* UnsplashSwiftUI */,
			);
			productName = Memorize;
			productReference = EC7B8DB227F38B1B00B76550 /* Memorize.app */;
			productType = "com.apple.product-type.application";
		};
/* End PBXNativeTarget section */

/* Begin PBXProject section */
		EC7B8DAA27F38B1B00B76550 /* Project object */ = {
			isa = PBXProject;
			attributes = {
				BuildIndependentTargetsInParallel = 1;
				LastSwiftUpdateCheck = 1340;
				LastUpgradeCheck = 1320;
				TargetAttributes = {
					D038E3AF286E065D000BBFB3 = {
						CreatedOnToolsVersion = 13.4.1;
						TestTargetID = EC7B8DB127F38B1B00B76550;
					};
					EC7B8DB127F38B1B00B76550 = {
						CreatedOnToolsVersion = 13.2.1;
					};
				};
			};
			buildConfigurationList = EC7B8DAD27F38B1B00B76550 /* Build configuration list for PBXProject "Memorize" */;
			compatibilityVersion = "Xcode 13.0";
			developmentRegion = en;
			hasScannedForEncodings = 0;
			knownRegions = (
				en,
				Base,
			);
			mainGroup = EC7B8DA927F38B1B00B76550;
			packageReferences = (
				EC6A792C28495E4A004A0782 /* XCRemoteSwiftPackageReference "Kingfisher" */,
				EC0E59D6285CF39200A9D7D1 /* XCRemoteSwiftPackageReference "SPAlert" */,
				D0CB3EF628685B0400BBBF5A /* XCRemoteSwiftPackageReference "unsplash-photopicker-ios" */,
				D043F6E228686864002CA7C0 /* XCRemoteSwiftPackageReference "UnsplashSwiftUI" */,
			);
			productRefGroup = EC7B8DB327F38B1B00B76550 /* Products */;
			projectDirPath = "";
			projectRoot = "";
			targets = (
				EC7B8DB127F38B1B00B76550 /* Memorize */,
				D038E3AF286E065D000BBFB3 /* MemorizeTests */,
			);
		};
/* End PBXProject section */

/* Begin PBXResourcesBuildPhase section */
		D038E3AE286E065D000BBFB3 /* Resources */ = {
			isa = PBXResourcesBuildPhase;
			buildActionMask = 2147483647;
			files = (
			);
			runOnlyForDeploymentPostprocessing = 0;
		};
		EC7B8DB027F38B1B00B76550 /* Resources */ = {
			isa = PBXResourcesBuildPhase;
			buildActionMask = 2147483647;
			files = (
				EC7B8DBD27F38B1C00B76550 /* Preview Assets.xcassets in Resources */,
				EC7B8DBA27F38B1C00B76550 /* Assets.xcassets in Resources */,
			);
			runOnlyForDeploymentPostprocessing = 0;
		};
/* End PBXResourcesBuildPhase section */

/* Begin PBXSourcesBuildPhase section */
		D038E3AC286E065D000BBFB3 /* Sources */ = {
			isa = PBXSourcesBuildPhase;
			buildActionMask = 2147483647;
			files = (
				D038E3B3286E065D000BBFB3 /* MemorizeTests.swift in Sources */,
			);
			runOnlyForDeploymentPostprocessing = 0;
		};
		EC7B8DAE27F38B1B00B76550 /* Sources */ = {
			isa = PBXSourcesBuildPhase;
			buildActionMask = 2147483647;
			files = (
				D0CB3EFA28685B2A00BBBF5A /* TestAPIUnsplash.swift in Sources */,
				ECB761C82804B61C00BFA45D /* TestGradient.swift in Sources */,
				EC063409283A9493003FEFDE /* TestColor.swift in Sources */,
				EC51CE6F284939AD00C1270C /* TestComparison.swift in Sources */,
				EC34825C28019FED000F1FF6 /* MemoryGame.swift in Sources */,
				EC4776C0283025F500E3AB4A /* TestViewModifier.swift in Sources */,
				EC674F7A280754B900D269AC /* TestSlider.swift in Sources */,
				EC8B4C4A28223B7000EA0E2C /* TestJSON.swift in Sources */,
				EC7B8DB827F38B1B00B76550 /* EmojiMemoryGameView.swift in Sources */,
				EC4776BA282EF22000E3AB4A /* Pie.swift in Sources */,
				EC8B4C4C282463BF00EA0E2C /* TestPriority.swift in Sources */,
				EC8B4C44281D5C6200EA0E2C /* TestNavigationView2.swift in Sources */,
				EC674F7C280758D800D269AC /* TestPicker.swift in Sources */,
				D0CB3EF528681A4400BBBF5A /* TestCheckpoint6.swift in Sources */,
				EC674F722805A29400D269AC /* TestToggle.swift in Sources */,
				EC7B8DB627F38B1B00B76550 /* MemorizeApp.swift in Sources */,
				EC34825A28019DD8000F1FF6 /* TestViewListList.swift in Sources */,
				ECC4EC6827FF46220085C741 /* TestViewShapeList.swift in Sources */,
				ECE9E55328259C2A0051BEF3 /* TestGeometryReader.swift in Sources */,
				EC674F8428086CF300D269AC /* TestNavigationView.swift in Sources */,
				EC674F822808135300D269AC /* TestList.swift in Sources */,
				EC6A793028495E72004A0782 /* TestKingFisher.swift in Sources */,
				EC4776C22830CD0C00E3AB4A /* Cardify.swift in Sources */,
				EC34825F2801AADB000F1FF6 /* TestEmptyTest.swift in Sources */,
				EC8B4C46281ED52100EA0E2C /* TestOpenSettings.swift in Sources */,
				EC0E59DA285CF3BD00A9D7D1 /* TestSPAlert.swift in Sources */,
				EC742C8728113E630007018C /* TestAlert.swift in Sources */,
				EC4776BC282FAB5000E3AB4A /* TestViewBuilder.swift in Sources */,
				EC4E95AB284A1BD80025FC0E /* TestCelFah.swift in Sources */,
				EC34826128020E12000F1FF6 /* EmojiMemoryGame.swift in Sources */,
				EC8B4C482821A19B00EA0E2C /* TestUserDefaults.swift in Sources */,
				EC674F76280723C900D269AC /* TestButtom.swift in Sources */,
				EC61C7A22815837100A78826 /* TestModifiers.swift in Sources */,
				EC0E59DC285CF3F800A9D7D1 /* TestAlgorithms.swift in Sources */,
				EC58AAD5284E7AD200091778 /* TestTemp.swift in Sources */,
				ECE9E555282630370051BEF3 /* AspectVGrid.swift in Sources */,
				EC61C7A6281596E100A78826 /* TestWrappedModel.swift in Sources */,
				ECE9E557282CC8860051BEF3 /* TestImage.swift in Sources */,
				ECF1A87E284BCFD60064DDC8 /* TestVariadic.swift in Sources */,
				EC674F88280B50C900D269AC /* TestTabView.swift in Sources */,
				EC8B4C42281D283800EA0E2C /* TestSheet.swift in Sources */,
				EC674F742805A4ED00D269AC /* TestModel1.swift in Sources */,
				EC674F8628092D8A00D269AC /* TestNavigationViewModel.swift in Sources */,
				EC4776C428320AE700E3AB4A /* TestAnimation.swift in Sources */,
				EC61C7A42815915700A78826 /* TestWrapped.swift in Sources */,
				EC674F7828074F7400D269AC /* TestTextField.swift in Sources */,
				EC8B4C40281BA41400EA0E2C /* TestNavigationLink.swift in Sources */,
				EC3893EF280C10440082228D /* TestForm.swift in Sources */,
				EC674F8028080E6C00D269AC /* TestOnTapGesture.swift in Sources */,
				EC674F7E2807623100D269AC /* TestStepper.swift in Sources */,
				EC4776C62835720500E3AB4A /* TestAnimation2.swift in Sources */,
			);
			runOnlyForDeploymentPostprocessing = 0;
		};
/* End PBXSourcesBuildPhase section */

/* Begin PBXTargetDependency section */
		D038E3B5286E065D000BBFB3 /* PBXTargetDependency */ = {
			isa = PBXTargetDependency;
			target = EC7B8DB127F38B1B00B76550 /* Memorize */;
			targetProxy = D038E3B4286E065D000BBFB3 /* PBXContainerItemProxy */;
		};
/* End PBXTargetDependency section */

/* Begin XCBuildConfiguration section */
		D038E3B6286E065D000BBFB3 /* Debug */ = {
			isa = XCBuildConfiguration;
			buildSettings = {
				BUNDLE_LOADER = "$(TEST_HOST)";
				CODE_SIGN_STYLE = Automatic;
				CURRENT_PROJECT_VERSION = 1;
				DEVELOPMENT_TEAM = ZT525LAF69;
				GENERATE_INFOPLIST_FILE = YES;
				IPHONEOS_DEPLOYMENT_TARGET = 15.5;
				MARKETING_VERSION = 1.0;
				PRODUCT_BUNDLE_IDENTIFIER = com.gmail.gromovitaly.MemorizeTests;
				PRODUCT_NAME = "$(TARGET_NAME)";
				SWIFT_EMIT_LOC_STRINGS = NO;
				SWIFT_VERSION = 5.0;
				TARGETED_DEVICE_FAMILY = "1,2";
				TEST_HOST = "$(BUILT_PRODUCTS_DIR)/Memorize.app/Memorize";
			};
			name = Debug;
		};
		D038E3B7286E065D000BBFB3 /* Release */ = {
			isa = XCBuildConfiguration;
			buildSettings = {
				BUNDLE_LOADER = "$(TEST_HOST)";
				CODE_SIGN_STYLE = Automatic;
				CURRENT_PROJECT_VERSION = 1;
				DEVELOPMENT_TEAM = ZT525LAF69;
				GENERATE_INFOPLIST_FILE = YES;
				IPHONEOS_DEPLOYMENT_TARGET = 15.5;
				MARKETING_VERSION = 1.0;
				PRODUCT_BUNDLE_IDENTIFIER = com.gmail.gromovitaly.MemorizeTests;
				PRODUCT_NAME = "$(TARGET_NAME)";
				SWIFT_EMIT_LOC_STRINGS = NO;
				SWIFT_VERSION = 5.0;
				TARGETED_DEVICE_FAMILY = "1,2";
				TEST_HOST = "$(BUILT_PRODUCTS_DIR)/Memorize.app/Memorize";
			};
			name = Release;
		};
		EC7B8DBE27F38B1C00B76550 /* Debug */ = {
			isa = XCBuildConfiguration;
			buildSettings = {
				ALWAYS_SEARCH_USER_PATHS = NO;
				CLANG_ANALYZER_NONNULL = YES;
				CLANG_ANALYZER_NUMBER_OBJECT_CONVERSION = YES_AGGRESSIVE;
				CLANG_CXX_LANGUAGE_STANDARD = "gnu++17";
				CLANG_CXX_LIBRARY = "libc++";
				CLANG_ENABLE_MODULES = YES;
				CLANG_ENABLE_OBJC_ARC = YES;
				CLANG_ENABLE_OBJC_WEAK = YES;
				CLANG_WARN_BLOCK_CAPTURE_AUTORELEASING = YES;
				CLANG_WARN_BOOL_CONVERSION = YES;
				CLANG_WARN_COMMA = YES;
				CLANG_WARN_CONSTANT_CONVERSION = YES;
				CLANG_WARN_DEPRECATED_OBJC_IMPLEMENTATIONS = YES;
				CLANG_WARN_DIRECT_OBJC_ISA_USAGE = YES_ERROR;
				CLANG_WARN_DOCUMENTATION_COMMENTS = YES;
				CLANG_WARN_EMPTY_BODY = YES;
				CLANG_WARN_ENUM_CONVERSION = YES;
				CLANG_WARN_INFINITE_RECURSION = YES;
				CLANG_WARN_INT_CONVERSION = YES;
				CLANG_WARN_NON_LITERAL_NULL_CONVERSION = YES;
				CLANG_WARN_OBJC_IMPLICIT_RETAIN_SELF = YES;
				CLANG_WARN_OBJC_LITERAL_CONVERSION = YES;
				CLANG_WARN_OBJC_ROOT_CLASS = YES_ERROR;
				CLANG_WARN_QUOTED_INCLUDE_IN_FRAMEWORK_HEADER = YES;
				CLANG_WARN_RANGE_LOOP_ANALYSIS = YES;
				CLANG_WARN_STRICT_PROTOTYPES = YES;
				CLANG_WARN_SUSPICIOUS_MOVE = YES;
				CLANG_WARN_UNGUARDED_AVAILABILITY = YES_AGGRESSIVE;
				CLANG_WARN_UNREACHABLE_CODE = YES;
				CLANG_WARN__DUPLICATE_METHOD_MATCH = YES;
				COPY_PHASE_STRIP = NO;
				DEBUG_INFORMATION_FORMAT = dwarf;
				ENABLE_STRICT_OBJC_MSGSEND = YES;
				ENABLE_TESTABILITY = YES;
				GCC_C_LANGUAGE_STANDARD = gnu11;
				GCC_DYNAMIC_NO_PIC = NO;
				GCC_NO_COMMON_BLOCKS = YES;
				GCC_OPTIMIZATION_LEVEL = 0;
				GCC_PREPROCESSOR_DEFINITIONS = (
					"DEBUG=1",
					"$(inherited)",
				);
				GCC_WARN_64_TO_32_BIT_CONVERSION = YES;
				GCC_WARN_ABOUT_RETURN_TYPE = YES_ERROR;
				GCC_WARN_UNDECLARED_SELECTOR = YES;
				GCC_WARN_UNINITIALIZED_AUTOS = YES_AGGRESSIVE;
				GCC_WARN_UNUSED_FUNCTION = YES;
				GCC_WARN_UNUSED_VARIABLE = YES;
				IPHONEOS_DEPLOYMENT_TARGET = 15.2;
				MTL_ENABLE_DEBUG_INFO = INCLUDE_SOURCE;
				MTL_FAST_MATH = YES;
				ONLY_ACTIVE_ARCH = YES;
				SDKROOT = iphoneos;
				SWIFT_ACTIVE_COMPILATION_CONDITIONS = DEBUG;
				SWIFT_OPTIMIZATION_LEVEL = "-Onone";
			};
			name = Debug;
		};
		EC7B8DBF27F38B1C00B76550 /* Release */ = {
			isa = XCBuildConfiguration;
			buildSettings = {
				ALWAYS_SEARCH_USER_PATHS = NO;
				CLANG_ANALYZER_NONNULL = YES;
				CLANG_ANALYZER_NUMBER_OBJECT_CONVERSION = YES_AGGRESSIVE;
				CLANG_CXX_LANGUAGE_STANDARD = "gnu++17";
				CLANG_CXX_LIBRARY = "libc++";
				CLANG_ENABLE_MODULES = YES;
				CLANG_ENABLE_OBJC_ARC = YES;
				CLANG_ENABLE_OBJC_WEAK = YES;
				CLANG_WARN_BLOCK_CAPTURE_AUTORELEASING = YES;
				CLANG_WARN_BOOL_CONVERSION = YES;
				CLANG_WARN_COMMA = YES;
				CLANG_WARN_CONSTANT_CONVERSION = YES;
				CLANG_WARN_DEPRECATED_OBJC_IMPLEMENTATIONS = YES;
				CLANG_WARN_DIRECT_OBJC_ISA_USAGE = YES_ERROR;
				CLANG_WARN_DOCUMENTATION_COMMENTS = YES;
				CLANG_WARN_EMPTY_BODY = YES;
				CLANG_WARN_ENUM_CONVERSION = YES;
				CLANG_WARN_INFINITE_RECURSION = YES;
				CLANG_WARN_INT_CONVERSION = YES;
				CLANG_WARN_NON_LITERAL_NULL_CONVERSION = YES;
				CLANG_WARN_OBJC_IMPLICIT_RETAIN_SELF = YES;
				CLANG_WARN_OBJC_LITERAL_CONVERSION = YES;
				CLANG_WARN_OBJC_ROOT_CLASS = YES_ERROR;
				CLANG_WARN_QUOTED_INCLUDE_IN_FRAMEWORK_HEADER = YES;
				CLANG_WARN_RANGE_LOOP_ANALYSIS = YES;
				CLANG_WARN_STRICT_PROTOTYPES = YES;
				CLANG_WARN_SUSPICIOUS_MOVE = YES;
				CLANG_WARN_UNGUARDED_AVAILABILITY = YES_AGGRESSIVE;
				CLANG_WARN_UNREACHABLE_CODE = YES;
				CLANG_WARN__DUPLICATE_METHOD_MATCH = YES;
				COPY_PHASE_STRIP = NO;
				DEBUG_INFORMATION_FORMAT = "dwarf-with-dsym";
				ENABLE_NS_ASSERTIONS = NO;
				ENABLE_STRICT_OBJC_MSGSEND = YES;
				GCC_C_LANGUAGE_STANDARD = gnu11;
				GCC_NO_COMMON_BLOCKS = YES;
				GCC_WARN_64_TO_32_BIT_CONVERSION = YES;
				GCC_WARN_ABOUT_RETURN_TYPE = YES_ERROR;
				GCC_WARN_UNDECLARED_SELECTOR = YES;
				GCC_WARN_UNINITIALIZED_AUTOS = YES_AGGRESSIVE;
				GCC_WARN_UNUSED_FUNCTION = YES;
				GCC_WARN_UNUSED_VARIABLE = YES;
				IPHONEOS_DEPLOYMENT_TARGET = 15.2;
				MTL_ENABLE_DEBUG_INFO = NO;
				MTL_FAST_MATH = YES;
				SDKROOT = iphoneos;
				SWIFT_COMPILATION_MODE = wholemodule;
				SWIFT_OPTIMIZATION_LEVEL = "-O";
				VALIDATE_PRODUCT = YES;
			};
			name = Release;
		};
		EC7B8DC127F38B1C00B76550 /* Debug */ = {
			isa = XCBuildConfiguration;
			buildSettings = {
				ASSETCATALOG_COMPILER_APPICON_NAME = AppIcon;
				ASSETCATALOG_COMPILER_GLOBAL_ACCENT_COLOR_NAME = AccentColor;
				CODE_SIGN_STYLE = Automatic;
				CURRENT_PROJECT_VERSION = 1;
				DEVELOPMENT_ASSET_PATHS = "\"Memorize/Preview Content\"";
				DEVELOPMENT_TEAM = ZT525LAF69;
				ENABLE_PREVIEWS = YES;
				GENERATE_INFOPLIST_FILE = YES;
				INFOPLIST_KEY_UIApplicationSceneManifest_Generation = YES;
				INFOPLIST_KEY_UIApplicationSupportsIndirectInputEvents = YES;
				INFOPLIST_KEY_UILaunchScreen_Generation = YES;
				INFOPLIST_KEY_UISupportedInterfaceOrientations_iPad = "UIInterfaceOrientationPortrait UIInterfaceOrientationPortraitUpsideDown UIInterfaceOrientationLandscapeLeft UIInterfaceOrientationLandscapeRight";
				INFOPLIST_KEY_UISupportedInterfaceOrientations_iPhone = "UIInterfaceOrientationPortrait UIInterfaceOrientationLandscapeLeft UIInterfaceOrientationLandscapeRight";
				LD_RUNPATH_SEARCH_PATHS = (
					"$(inherited)",
					"@executable_path/Frameworks",
				);
				MARKETING_VERSION = 1.0;
				PRODUCT_BUNDLE_IDENTIFIER = com.gmail.gromovitaly.Memorize;
				PRODUCT_NAME = "$(TARGET_NAME)";
				SWIFT_EMIT_LOC_STRINGS = YES;
				SWIFT_VERSION = 5.0;
				TARGETED_DEVICE_FAMILY = 1;
			};
			name = Debug;
		};
		EC7B8DC227F38B1C00B76550 /* Release */ = {
			isa = XCBuildConfiguration;
			buildSettings = {
				ASSETCATALOG_COMPILER_APPICON_NAME = AppIcon;
				ASSETCATALOG_COMPILER_GLOBAL_ACCENT_COLOR_NAME = AccentColor;
				CODE_SIGN_STYLE = Automatic;
				CURRENT_PROJECT_VERSION = 1;
				DEVELOPMENT_ASSET_PATHS = "\"Memorize/Preview Content\"";
				DEVELOPMENT_TEAM = ZT525LAF69;
				ENABLE_PREVIEWS = YES;
				GENERATE_INFOPLIST_FILE = YES;
				INFOPLIST_KEY_UIApplicationSceneManifest_Generation = YES;
				INFOPLIST_KEY_UIApplicationSupportsIndirectInputEvents = YES;
				INFOPLIST_KEY_UILaunchScreen_Generation = YES;
				INFOPLIST_KEY_UISupportedInterfaceOrientations_iPad = "UIInterfaceOrientationPortrait UIInterfaceOrientationPortraitUpsideDown UIInterfaceOrientationLandscapeLeft UIInterfaceOrientationLandscapeRight";
				INFOPLIST_KEY_UISupportedInterfaceOrientations_iPhone = "UIInterfaceOrientationPortrait UIInterfaceOrientationLandscapeLeft UIInterfaceOrientationLandscapeRight";
				LD_RUNPATH_SEARCH_PATHS = (
					"$(inherited)",
					"@executable_path/Frameworks",
				);
				MARKETING_VERSION = 1.0;
				PRODUCT_BUNDLE_IDENTIFIER = com.gmail.gromovitaly.Memorize;
				PRODUCT_NAME = "$(TARGET_NAME)";
				SWIFT_EMIT_LOC_STRINGS = YES;
				SWIFT_VERSION = 5.0;
				TARGETED_DEVICE_FAMILY = 1;
			};
			name = Release;
		};
/* End XCBuildConfiguration section */

/* Begin XCConfigurationList section */
		D038E3B8286E065D000BBFB3 /* Build configuration list for PBXNativeTarget "MemorizeTests" */ = {
			isa = XCConfigurationList;
			buildConfigurations = (
				D038E3B6286E065D000BBFB3 /* Debug */,
				D038E3B7286E065D000BBFB3 /* Release */,
			);
			defaultConfigurationIsVisible = 0;
			defaultConfigurationName = Release;
		};
		EC7B8DAD27F38B1B00B76550 /* Build configuration list for PBXProject "Memorize" */ = {
			isa = XCConfigurationList;
			buildConfigurations = (
				EC7B8DBE27F38B1C00B76550 /* Debug */,
				EC7B8DBF27F38B1C00B76550 /* Release */,
			);
			defaultConfigurationIsVisible = 0;
			defaultConfigurationName = Release;
		};
		EC7B8DC027F38B1C00B76550 /* Build configuration list for PBXNativeTarget "Memorize" */ = {
			isa = XCConfigurationList;
			buildConfigurations = (
				EC7B8DC127F38B1C00B76550 /* Debug */,
				EC7B8DC227F38B1C00B76550 /* Release */,
			);
			defaultConfigurationIsVisible = 0;
			defaultConfigurationName = Release;
		};
/* End XCConfigurationList section */

/* Begin XCRemoteSwiftPackageReference section */
		D043F6E228686864002CA7C0 /* XCRemoteSwiftPackageReference "UnsplashSwiftUI" */ = {
			isa = XCRemoteSwiftPackageReference;
			repositoryURL = "https://github.com/ArnavMotwani/UnsplashSwiftUI";
			requirement = {
				kind = upToNextMajorVersion;
				minimumVersion = 1.0.0;
			};
		};
		D0CB3EF628685B0400BBBF5A /* XCRemoteSwiftPackageReference "unsplash-photopicker-ios" */ = {
			isa = XCRemoteSwiftPackageReference;
			repositoryURL = "https://github.com/unsplash/unsplash-photopicker-ios";
			requirement = {
				kind = upToNextMajorVersion;
				minimumVersion = 1.0.0;
			};
		};
		EC0E59D6285CF39200A9D7D1 /* XCRemoteSwiftPackageReference "SPAlert" */ = {
			isa = XCRemoteSwiftPackageReference;
			repositoryURL = "https://github.com/ivanvorobei/SPAlert";
			requirement = {
				kind = upToNextMajorVersion;
				minimumVersion = 4.0.0;
			};
		};
		EC6A792C28495E4A004A0782 /* XCRemoteSwiftPackageReference "Kingfisher" */ = {
			isa = XCRemoteSwiftPackageReference;
			repositoryURL = "https://github.com/onevcat/Kingfisher";
			requirement = {
				kind = upToNextMajorVersion;
				minimumVersion = 7.0.0;
			};
		};
/* End XCRemoteSwiftPackageReference section */

/* Begin XCSwiftPackageProductDependency section */
		D043F6E328686864002CA7C0 /* UnsplashSwiftUI */ = {
			isa = XCSwiftPackageProductDependency;
			package = D043F6E228686864002CA7C0 /* XCRemoteSwiftPackageReference "UnsplashSwiftUI" */;
			productName = UnsplashSwiftUI;
		};
		D0CB3EF728685B0400BBBF5A /* UnsplashPhotoPicker */ = {
			isa = XCSwiftPackageProductDependency;
			package = D0CB3EF628685B0400BBBF5A /* XCRemoteSwiftPackageReference "unsplash-photopicker-ios" */;
			productName = UnsplashPhotoPicker;
		};
		EC0E59D7285CF39200A9D7D1 /* SPAlert */ = {
			isa = XCSwiftPackageProductDependency;
			package = EC0E59D6285CF39200A9D7D1 /* XCRemoteSwiftPackageReference "SPAlert" */;
			productName = SPAlert;
		};
		EC6A792D28495E4B004A0782 /* Kingfisher */ = {
			isa = XCSwiftPackageProductDependency;
			package = EC6A792C28495E4A004A0782 /* XCRemoteSwiftPackageReference "Kingfisher" */;
			productName = Kingfisher;
		};
/* End XCSwiftPackageProductDependency section */
	};
	rootObject = EC7B8DAA27F38B1B00B76550 /* Project object */;
}
